{"_meta":{"file-type":"spack-lockfile","lockfile-version":5,"specfile-version":4},"spack":{"version":"0.21.0.dev0","type":"git","commit":"30630933227c0cfb5cebb260638f15a61b51e89d"},"roots":[{"hash":"gm5j6e33wp7vexlodom5p7owfd5fy4t3","spec":"esmf@8.5.0~debug+external-lapack+external-parallelio~mpi~xerces ^parallelio@2.6.2~mpi+ncint~pnetcdf"}],"concrete_specs":{"gm5j6e33wp7vexlodom5p7owfd5fy4t3":{"name":"esmf","version":"8.5.0","arch":{"platform":"linux","platform_os":"centos7","target":{"name":"cascadelake","vendor":"GenuineIntel","features":["adx","aes","avx","avx2","avx512_vnni","avx512bw","avx512cd","avx512dq","avx512f","avx512vl","bmi1","bmi2","clflushopt","clwb","f16c","fma","mmx","movbe","pclmulqdq","popcnt","rdrand","rdseed","sse","sse2","sse4_1","sse4_2","ssse3","xsavec","xsaveopt"],"generation":0,"parents":["skylake_avx512"]}},"compiler":{"name":"intel","version":"2023.1.0"},"namespace":"builtin","parameters":{"build_system":"makefile","debug":false,"esmf_comm":"auto","esmf_os":"auto","esmf_pio":"auto","external-lapack":true,"external-parallelio":true,"mpi":false,"netcdf":true,"patches":["f63d4050cf90cc3577291804b752e37d87a657e0775fb5c8ddfec540a7aa73eb"],"pnetcdf":false,"shared":true,"snapshot":"none","xerces":false,"cflags":[],"cppflags":[],"cxxflags":[],"fflags":[],"ldflags":[],"ldlibs":[]},"patches":["f63d4050cf90cc3577291804b752e37d87a657e0775fb5c8ddfec540a7aa73eb"],"package_hash":"gpjz7tnigchkkayiccymeymgxi3wgems4qt54zmzbzdzoe5vznzq====","dependencies":[{"name":"gmake","hash":"qp2rnblkksbshfmnl7c5o5zgnudarbut","parameters":{"deptypes":["build"],"virtuals":[]}},{"name":"netcdf-c","hash":"y55umsb5h6yw4tossh4h2lh6hh2fwryh","parameters":{"deptypes":["build","link"],"virtuals":[]}},{"name":"netcdf-fortran","hash":"xfx4axhwfx4lbmkurm4ufmtwfxenqk26","parameters":{"deptypes":["build","link"],"virtuals":[]}},{"name":"openblas","hash":"qptkvlny7xr5b3fqvffvnsgipawsf75g","parameters":{"deptypes":["build","link"],"virtuals":["lapack"]}},{"name":"parallelio","hash":"yaqlroa5rcixyqhhz2pnw7bkfnayb4ct","parameters":{"deptypes":["build","link"],"virtuals":[]}}],"hash":"gm5j6e33wp7vexlodom5p7owfd5fy4t3"},"qp2rnblkksbshfmnl7c5o5zgnudarbut":{"name":"gmake","version":"3.82","arch":{"platform":"linux","platform_os":"centos7","target":{"name":"cascadelake","vendor":"GenuineIntel","features":["adx","aes","avx","avx2","avx512_vnni","avx512bw","avx512cd","avx512dq","avx512f","avx512vl","bmi1","bmi2","clflushopt","clwb","f16c","fma","mmx","movbe","pclmulqdq","popcnt","rdrand","rdseed","sse","sse2","sse4_1","sse4_2","ssse3","xsavec","xsaveopt"],"generation":0,"parents":["skylake_avx512"]}},"compiler":{"name":"intel","version":"2023.1.0"},"namespace":"builtin","parameters":{"build_system":"generic","guile":false,"patches":["ca60bd9c1a1b35bc0dc58b6a4a19d5c2651f7a94a4b22b2c5ea001a1ca7a8a7f"],"cflags":[],"cppflags":[],"cxxflags":[],"fflags":[],"ldflags":[],"ldlibs":[]},"external":{"path":"/usr","module":null,"extra_attributes":{}},"patches":["ca60bd9c1a1b35bc0dc58b6a4a19d5c2651f7a94a4b22b2c5ea001a1ca7a8a7f"],"package_hash":"rgmorv3p2wcxmbpje2r3x7j7o3o7lnw2nbr2mn4pvhh7f3cx6aiq====","hash":"qp2rnblkksbshfmnl7c5o5zgnudarbut"},"y55umsb5h6yw4tossh4h2lh6hh2fwryh":{"name":"netcdf-c","version":"4.9.2","arch":{"platform":"linux","platform_os":"centos7","target":{"name":"cascadelake","vendor":"GenuineIntel","features":["adx","aes","avx","avx2","avx512_vnni","avx512bw","avx512cd","avx512dq","avx512f","avx512vl","bmi1","bmi2","clflushopt","clwb","f16c","fma","mmx","movbe","pclmulqdq","popcnt","rdrand","rdseed","sse","sse2","sse4_1","sse4_2","ssse3","xsavec","xsaveopt"],"generation":0,"parents":["skylake_avx512"]}},"compiler":{"name":"intel","version":"2023.1.0"},"namespace":"builtin","parameters":{"blosc":true,"build_system":"autotools","byterange":false,"dap":false,"fsync":false,"hdf4":false,"jna":false,"mpi":false,"nczarr_zip":false,"optimize":true,"parallel-netcdf":false,"patches":["0161eb870fdfaf61be9d70132c9447a537320342366362e76b8460c823bf95ca"],"pic":true,"shared":true,"szip":true,"zstd":true,"cflags":[],"cppflags":[],"cxxflags":[],"fflags":[],"ldflags":[],"ldlibs":[]},"patches":["0161eb870fdfaf61be9d70132c9447a537320342366362e76b8460c823bf95ca"],"package_hash":"niw7hl256r6ziqn2i3rynqrfcsxebjkp45fp6ktai7fnqqx6e4aq====","dependencies":[{"name":"bzip2","hash":"a34gehvmyv7kbxnqxzclxro6azjetxwt","parameters":{"deptypes":["build","link"],"virtuals":[]}},{"name":"c-blosc","hash":"y6d73yj5junahrhdw2vmyxecq45745h5","parameters":{"deptypes":["build","link"],"virtuals":[]}},{"name":"gmake","hash":"qp2rnblkksbshfmnl7c5o5zgnudarbut","parameters":{"deptypes":["build"],"virtuals":[]}},{"name":"hdf5","hash":"3y3bx7isnv6nizf3n7mb5u7l4jdryzek","parameters":{"deptypes":["build","link"],"virtuals":[]}},{"name":"libaec","hash":"rcz6vdyt4qp734wbblgbjep3iuz7q6se","parameters":{"deptypes":["build","link"],"virtuals":["szip"]}},{"name":"zlib-ng","hash":"e7sywlvivqcgfouzsikx74uftqhovv6t","parameters":{"deptypes":["build","link"],"virtuals":["zlib-api"]}},{"name":"zstd","hash":"zcq7zfd5jonhxv43r6futt3wd6roh5tr","parameters":{"deptypes":["build","link"],"virtuals":[]}}],"hash":"y55umsb5h6yw4tossh4h2lh6hh2fwryh"},"a34gehvmyv7kbxnqxzclxro6azjetxwt":{"name":"bzip2","version":"1.0.8","arch":{"platform":"linux","platform_os":"centos7","target":{"name":"cascadelake","vendor":"GenuineIntel","features":["adx","aes","avx","avx2","avx512_vnni","avx512bw","avx512cd","avx512dq","avx512f","avx512vl","bmi1","bmi2","clflushopt","clwb","f16c","fma","mmx","movbe","pclmulqdq","popcnt","rdrand","rdseed","sse","sse2","sse4_1","sse4_2","ssse3","xsavec","xsaveopt"],"generation":0,"parents":["skylake_avx512"]}},"compiler":{"name":"intel","version":"2023.1.0"},"namespace":"builtin","parameters":{"build_system":"generic","debug":false,"pic":false,"shared":true,"cflags":[],"cppflags":[],"cxxflags":[],"fflags":[],"ldflags":[],"ldlibs":[]},"package_hash":"wa33h4h2abj7tx5cndixz7bdwu5fspdaf2kjlqsinnearayw6fra====","dependencies":[{"name":"diffutils","hash":"k65bpixnfcn6tqbjmubko2dzyhrnc447","parameters":{"deptypes":["build"],"virtuals":[]}}],"hash":"a34gehvmyv7kbxnqxzclxro6azjetxwt"},"k65bpixnfcn6tqbjmubko2dzyhrnc447":{"name":"diffutils","version":"3.3","arch":{"platform":"linux","platform_os":"centos7","target":{"name":"cascadelake","vendor":"GenuineIntel","features":["adx","aes","avx","avx2","avx512_vnni","avx512bw","avx512cd","avx512dq","avx512f","avx512vl","bmi1","bmi2","clflushopt","clwb","f16c","fma","mmx","movbe","pclmulqdq","popcnt","rdrand","rdseed","sse","sse2","sse4_1","sse4_2","ssse3","xsavec","xsaveopt"],"generation":0,"parents":["skylake_avx512"]}},"compiler":{"name":"intel","version":"2023.1.0"},"namespace":"builtin","parameters":{"build_system":"autotools","cflags":[],"cppflags":[],"cxxflags":[],"fflags":[],"ldflags":[],"ldlibs":[]},"external":{"path":"/usr","module":null,"extra_attributes":{}},"package_hash":"ukq657dnhcrpssiu5jb7y5nrt4lxgpcsdvtkfo23hok5zzxa6aaa====","hash":"k65bpixnfcn6tqbjmubko2dzyhrnc447"},"y6d73yj5junahrhdw2vmyxecq45745h5":{"name":"c-blosc","version":"1.21.4","arch":{"platform":"linux","platform_os":"centos7","target":{"name":"cascadelake","vendor":"GenuineIntel","features":["adx","aes","avx","avx2","avx512_vnni","avx512bw","avx512cd","avx512dq","avx512f","avx512vl","bmi1","bmi2","clflushopt","clwb","f16c","fma","mmx","movbe","pclmulqdq","popcnt","rdrand","rdseed","sse","sse2","sse4_1","sse4_2","ssse3","xsavec","xsaveopt"],"generation":0,"parents":["skylake_avx512"]}},"compiler":{"name":"intel","version":"2023.1.0"},"namespace":"builtin","parameters":{"avx2":true,"build_system":"cmake","build_type":"Release","generator":"make","ipo":false,"cflags":[],"cppflags":[],"cxxflags":[],"fflags":[],"ldflags":[],"ldlibs":[]},"package_hash":"cxztlnmh3jeopqjs7goms3ujgijeai7iobj3y3as6ugjpwwv73dq====","dependencies":[{"name":"cmake","hash":"ebtxutps3vycoicxmzahypua3z5y3l2m","parameters":{"deptypes":["build"],"virtuals":[]}},{"name":"gmake","hash":"qp2rnblkksbshfmnl7c5o5zgnudarbut","parameters":{"deptypes":["build"],"virtuals":[]}},{"name":"lz4","hash":"tx222dkjhmzf732hlqnhafdpxlgllso4","parameters":{"deptypes":["build","link"],"virtuals":[]}},{"name":"snappy","hash":"j75ldtbrqkt7nff46t753nvx4lhcn3ry","parameters":{"deptypes":["build","link"],"virtuals":[]}},{"name":"zlib-ng","hash":"e7sywlvivqcgfouzsikx74uftqhovv6t","parameters":{"deptypes":["build","link"],"virtuals":["zlib-api"]}},{"name":"zstd","hash":"zcq7zfd5jonhxv43r6futt3wd6roh5tr","parameters":{"deptypes":["build","link"],"virtuals":[]}}],"hash":"y6d73yj5junahrhdw2vmyxecq45745h5"},"ebtxutps3vycoicxmzahypua3z5y3l2m":{"name":"cmake","version":"3.24.2","arch":{"platform":"linux","platform_os":"centos7","target":{"name":"cascadelake","vendor":"GenuineIntel","features":["adx","aes","avx","avx2","avx512_vnni","avx512bw","avx512cd","avx512dq","avx512f","avx512vl","bmi1","bmi2","clflushopt","clwb","f16c","fma","mmx","movbe","pclmulqdq","popcnt","rdrand","rdseed","sse","sse2","sse4_1","sse4_2","ssse3","xsavec","xsaveopt"],"generation":0,"parents":["skylake_avx512"]}},"compiler":{"name":"intel","version":"2023.1.0"},"namespace":"builtin","parameters":{"build_system":"generic","build_type":"Release","doc":false,"ncurses":true,"ownlibs":true,"cflags":[],"cppflags":[],"cxxflags":[],"fflags":[],"ldflags":[],"ldlibs":[]},"external":{"path":"/opt/apps/cmake/3.24.2","module":null,"extra_attributes":{}},"package_hash":"k3hls5trn2twhx4k444aycm2zbcebcu7twe3t23a2iy3zclmpiqa====","hash":"ebtxutps3vycoicxmzahypua3z5y3l2m"},"tx222dkjhmzf732hlqnhafdpxlgllso4":{"name":"lz4","version":"1.9.4","arch":{"platform":"linux","platform_os":"centos7","target":{"name":"cascadelake","vendor":"GenuineIntel","features":["adx","aes","avx","avx2","avx512_vnni","avx512bw","avx512cd","avx512dq","avx512f","avx512vl","bmi1","bmi2","clflushopt","clwb","f16c","fma","mmx","movbe","pclmulqdq","popcnt","rdrand","rdseed","sse","sse2","sse4_1","sse4_2","ssse3","xsavec","xsaveopt"],"generation":0,"parents":["skylake_avx512"]}},"compiler":{"name":"intel","version":"2023.1.0"},"namespace":"builtin","parameters":{"build_system":"makefile","libs":["shared","static"],"pic":true,"cflags":[],"cppflags":[],"cxxflags":[],"fflags":[],"ldflags":[],"ldlibs":[]},"package_hash":"kraz7zxp2tgzzte3igc4o3kcm2k4glgo4leba6mgcmopn5v23exa====","dependencies":[{"name":"gmake","hash":"qp2rnblkksbshfmnl7c5o5zgnudarbut","parameters":{"deptypes":["build"],"virtuals":[]}}],"hash":"tx222dkjhmzf732hlqnhafdpxlgllso4"},"j75ldtbrqkt7nff46t753nvx4lhcn3ry":{"name":"snappy","version":"1.1.10","arch":{"platform":"linux","platform_os":"centos7","target":{"name":"cascadelake","vendor":"GenuineIntel","features":["adx","aes","avx","avx2","avx512_vnni","avx512bw","avx512cd","avx512dq","avx512f","avx512vl","bmi1","bmi2","clflushopt","clwb","f16c","fma","mmx","movbe","pclmulqdq","popcnt","rdrand","rdseed","sse","sse2","sse4_1","sse4_2","ssse3","xsavec","xsaveopt"],"generation":0,"parents":["skylake_avx512"]}},"compiler":{"name":"intel","version":"2023.1.0"},"namespace":"builtin","parameters":{"build_system":"cmake","build_type":"Release","generator":"make","ipo":false,"pic":true,"shared":true,"cflags":[],"cppflags":[],"cxxflags":[],"fflags":[],"ldflags":[],"ldlibs":[]},"package_hash":"hazivkvorz7i3e7wzvyzghsu5ya43ap64om4xyfsoktk7wz7tpbq====","dependencies":[{"name":"cmake","hash":"ebtxutps3vycoicxmzahypua3z5y3l2m","parameters":{"deptypes":["build"],"virtuals":[]}},{"name":"gmake","hash":"qp2rnblkksbshfmnl7c5o5zgnudarbut","parameters":{"deptypes":["build"],"virtuals":[]}}],"hash":"j75ldtbrqkt7nff46t753nvx4lhcn3ry"},"e7sywlvivqcgfouzsikx74uftqhovv6t":{"name":"zlib-ng","version":"2.1.4","arch":{"platform":"linux","platform_os":"centos7","target":{"name":"cascadelake","vendor":"GenuineIntel","features":["adx","aes","avx","avx2","avx512_vnni","avx512bw","avx512cd","avx512dq","avx512f","avx512vl","bmi1","bmi2","clflushopt","clwb","f16c","fma","mmx","movbe","pclmulqdq","popcnt","rdrand","rdseed","sse","sse2","sse4_1","sse4_2","ssse3","xsavec","xsaveopt"],"generation":0,"parents":["skylake_avx512"]}},"compiler":{"name":"intel","version":"2023.1.0"},"namespace":"builtin","parameters":{"build_system":"autotools","compat":true,"opt":true,"cflags":[],"cppflags":[],"cxxflags":[],"fflags":[],"ldflags":[],"ldlibs":[]},"package_hash":"wbibc66xvwkithliolpra2ochl523hwc7xha5iws7tpj5mbvlx5q====","dependencies":[{"name":"gmake","hash":"qp2rnblkksbshfmnl7c5o5zgnudarbut","parameters":{"deptypes":["build"],"virtuals":[]}}],"hash":"e7sywlvivqcgfouzsikx74uftqhovv6t"},"zcq7zfd5jonhxv43r6futt3wd6roh5tr":{"name":"zstd","version":"1.5.5","arch":{"platform":"linux","platform_os":"centos7","target":{"name":"cascadelake","vendor":"GenuineIntel","features":["adx","aes","avx","avx2","avx512_vnni","avx512bw","avx512cd","avx512dq","avx512f","avx512vl","bmi1","bmi2","clflushopt","clwb","f16c","fma","mmx","movbe","pclmulqdq","popcnt","rdrand","rdseed","sse","sse2","sse4_1","sse4_2","ssse3","xsavec","xsaveopt"],"generation":0,"parents":["skylake_avx512"]}},"compiler":{"name":"intel","version":"2023.1.0"},"namespace":"builtin","parameters":{"build_system":"makefile","libs":["shared","static"],"programs":false,"cflags":[],"cppflags":[],"cxxflags":[],"fflags":[],"ldflags":[],"ldlibs":[]},"package_hash":"siyun7fbztstttmpvj6uca26svglxhtltno7se4cputoimuejuwq====","dependencies":[{"name":"gmake","hash":"qp2rnblkksbshfmnl7c5o5zgnudarbut","parameters":{"deptypes":["build"],"virtuals":[]}}],"hash":"zcq7zfd5jonhxv43r6futt3wd6roh5tr"},"3y3bx7isnv6nizf3n7mb5u7l4jdryzek":{"name":"hdf5","version":"1.14.2","arch":{"platform":"linux","platform_os":"centos7","target":{"name":"cascadelake","vendor":"GenuineIntel","features":["adx","aes","avx","avx2","avx512_vnni","avx512bw","avx512cd","avx512dq","avx512f","avx512vl","bmi1","bmi2","clflushopt","clwb","f16c","fma","mmx","movbe","pclmulqdq","popcnt","rdrand","rdseed","sse","sse2","sse4_1","sse4_2","ssse3","xsavec","xsaveopt"],"generation":0,"parents":["skylake_avx512"]}},"compiler":{"name":"intel","version":"2023.1.0"},"namespace":"builtin","parameters":{"api":"default","build_system":"cmake","build_type":"Release","cxx":false,"fortran":false,"generator":"make","hl":true,"ipo":false,"java":false,"map":false,"mpi":true,"shared":true,"szip":false,"threadsafe":false,"tools":true,"cflags":[],"cppflags":[],"cxxflags":[],"fflags":[],"ldflags":[],"ldlibs":[]},"package_hash":"n25qc5tz5fz3truloweasynyoi6mdabex6uyprz4cu62ybbbotqa====","dependencies":[{"name":"cmake","hash":"ebtxutps3vycoicxmzahypua3z5y3l2m","parameters":{"deptypes":["build"],"virtuals":[]}},{"name":"gmake","hash":"qp2rnblkksbshfmnl7c5o5zgnudarbut","parameters":{"deptypes":["build"],"virtuals":[]}},{"name":"intel-oneapi-mpi","hash":"2pfqvxpszuhdd4wev6ev2rapejadz6vz","parameters":{"deptypes":["build","link"],"virtuals":["mpi"]}},{"name":"pkgconf","hash":"okagalmtnr3qpzgu7xblklkmzomz52qh","parameters":{"deptypes":["run"],"virtuals":["pkgconfig"]}},{"name":"zlib-ng","hash":"e7sywlvivqcgfouzsikx74uftqhovv6t","parameters":{"deptypes":["build","link"],"virtuals":["zlib-api"]}}],"hash":"3y3bx7isnv6nizf3n7mb5u7l4jdryzek"},"2pfqvxpszuhdd4wev6ev2rapejadz6vz":{"name":"intel-oneapi-mpi","version":"2021.9.0","arch":{"platform":"linux","platform_os":"centos7","target":{"name":"cascadelake","vendor":"GenuineIntel","features":["adx","aes","avx","avx2","avx512_vnni","avx512bw","avx512cd","avx512dq","avx512f","avx512vl","bmi1","bmi2","clflushopt","clwb","f16c","fma","mmx","movbe","pclmulqdq","popcnt","rdrand","rdseed","sse","sse2","sse4_1","sse4_2","ssse3","xsavec","xsaveopt"],"generation":0,"parents":["skylake_avx512"]}},"compiler":{"name":"intel","version":"2023.1.0"},"namespace":"builtin","parameters":{"build_system":"generic","envmods":true,"external-libfabric":false,"generic-names":false,"ilp64":false,"cflags":[],"cppflags":[],"cxxflags":[],"fflags":[],"ldflags":[],"ldlibs":[]},"package_hash":"36xeaupeonpne7plmnyjpgtuz2gefzb63ei6anjiz7lcjagdyjzq====","hash":"2pfqvxpszuhdd4wev6ev2rapejadz6vz"},"okagalmtnr3qpzgu7xblklkmzomz52qh":{"name":"pkgconf","version":"1.9.5","arch":{"platform":"linux","platform_os":"centos7","target":{"name":"cascadelake","vendor":"GenuineIntel","features":["adx","aes","avx","avx2","avx512_vnni","avx512bw","avx512cd","avx512dq","avx512f","avx512vl","bmi1","bmi2","clflushopt","clwb","f16c","fma","mmx","movbe","pclmulqdq","popcnt","rdrand","rdseed","sse","sse2","sse4_1","sse4_2","ssse3","xsavec","xsaveopt"],"generation":0,"parents":["skylake_avx512"]}},"compiler":{"name":"intel","version":"2023.1.0"},"namespace":"builtin","parameters":{"build_system":"autotools","cflags":[],"cppflags":[],"cxxflags":[],"fflags":[],"ldflags":[],"ldlibs":[]},"package_hash":"mwcvsiv3j27l74xz4dejqp54ushfxa36bj25mwwg4dciaphqzpca====","dependencies":[{"name":"gmake","hash":"qp2rnblkksbshfmnl7c5o5zgnudarbut","parameters":{"deptypes":["build"],"virtuals":[]}}],"hash":"okagalmtnr3qpzgu7xblklkmzomz52qh"},"rcz6vdyt4qp734wbblgbjep3iuz7q6se":{"name":"libaec","version":"1.0.6","arch":{"platform":"linux","platform_os":"centos7","target":{"name":"cascadelake","vendor":"GenuineIntel","features":["adx","aes","avx","avx2","avx512_vnni","avx512bw","avx512cd","avx512dq","avx512f","avx512vl","bmi1","bmi2","clflushopt","clwb","f16c","fma","mmx","movbe","pclmulqdq","popcnt","rdrand","rdseed","sse","sse2","sse4_1","sse4_2","ssse3","xsavec","xsaveopt"],"generation":0,"parents":["skylake_avx512"]}},"compiler":{"name":"intel","version":"2023.1.0"},"namespace":"builtin","parameters":{"build_system":"cmake","build_type":"Release","generator":"make","ipo":false,"shared":true,"cflags":[],"cppflags":[],"cxxflags":[],"fflags":[],"ldflags":[],"ldlibs":[]},"package_hash":"npsraeplv4at6paswjoofeaiowswid7fhrcczmocyxtb7twftyuq====","dependencies":[{"name":"cmake","hash":"ebtxutps3vycoicxmzahypua3z5y3l2m","parameters":{"deptypes":["build"],"virtuals":[]}},{"name":"gmake","hash":"qp2rnblkksbshfmnl7c5o5zgnudarbut","parameters":{"deptypes":["build"],"virtuals":[]}}],"hash":"rcz6vdyt4qp734wbblgbjep3iuz7q6se"},"xfx4axhwfx4lbmkurm4ufmtwfxenqk26":{"name":"netcdf-fortran","version":"4.6.1","arch":{"platform":"linux","platform_os":"centos7","target":{"name":"cascadelake","vendor":"GenuineIntel","features":["adx","aes","avx","avx2","avx512_vnni","avx512bw","avx512cd","avx512dq","avx512f","avx512vl","bmi1","bmi2","clflushopt","clwb","f16c","fma","mmx","movbe","pclmulqdq","popcnt","rdrand","rdseed","sse","sse2","sse4_1","sse4_2","ssse3","xsavec","xsaveopt"],"generation":0,"parents":["skylake_avx512"]}},"compiler":{"name":"intel","version":"2023.1.0"},"namespace":"builtin","parameters":{"build_system":"autotools","doc":false,"pic":true,"shared":true,"cflags":[],"cppflags":[],"cxxflags":[],"fflags":[],"ldflags":[],"ldlibs":[]},"package_hash":"u5vfy7smweqpjx5veyilu3mjxsbl6tcu3yaq44onhp5ikzp3wfzq====","dependencies":[{"name":"gmake","hash":"qp2rnblkksbshfmnl7c5o5zgnudarbut","parameters":{"deptypes":["build"],"virtuals":[]}},{"name":"netcdf-c","hash":"y55umsb5h6yw4tossh4h2lh6hh2fwryh","parameters":{"deptypes":["build","link"],"virtuals":[]}}],"hash":"xfx4axhwfx4lbmkurm4ufmtwfxenqk26"},"qptkvlny7xr5b3fqvffvnsgipawsf75g":{"name":"openblas","version":"0.3.24","arch":{"platform":"linux","platform_os":"centos7","target":{"name":"cascadelake","vendor":"GenuineIntel","features":["adx","aes","avx","avx2","avx512_vnni","avx512bw","avx512cd","avx512dq","avx512f","avx512vl","bmi1","bmi2","clflushopt","clwb","f16c","fma","mmx","movbe","pclmulqdq","popcnt","rdrand","rdseed","sse","sse2","sse4_1","sse4_2","ssse3","xsavec","xsaveopt"],"generation":0,"parents":["skylake_avx512"]}},"compiler":{"name":"intel","version":"2023.1.0"},"namespace":"builtin","parameters":{"bignuma":false,"build_system":"makefile","consistent_fpcsr":false,"fortran":true,"ilp64":false,"locking":true,"pic":true,"shared":true,"symbol_suffix":"none","threads":"none","cflags":[],"cppflags":[],"cxxflags":[],"fflags":[],"ldflags":[],"ldlibs":[]},"package_hash":"dcdm3qo6oawwak7sx4m32n2tf3n3wq7hjsklgojoyp2li3cizs4q====","dependencies":[{"name":"gmake","hash":"qp2rnblkksbshfmnl7c5o5zgnudarbut","parameters":{"deptypes":["build"],"virtuals":[]}},{"name":"perl","hash":"4f43xutg6wk7rua22yt565j6km27faaq","parameters":{"deptypes":["build"],"virtuals":[]}}],"hash":"qptkvlny7xr5b3fqvffvnsgipawsf75g"},"4f43xutg6wk7rua22yt565j6km27faaq":{"name":"perl","version":"5.38.0","arch":{"platform":"linux","platform_os":"centos7","target":{"name":"cascadelake","vendor":"GenuineIntel","features":["adx","aes","avx","avx2","avx512_vnni","avx512bw","avx512cd","avx512dq","avx512f","avx512vl","bmi1","bmi2","clflushopt","clwb","f16c","fma","mmx","movbe","pclmulqdq","popcnt","rdrand","rdseed","sse","sse2","sse4_1","sse4_2","ssse3","xsavec","xsaveopt"],"generation":0,"parents":["skylake_avx512"]}},"compiler":{"name":"intel","version":"2023.1.0"},"namespace":"builtin","parameters":{"build_system":"generic","cpanm":true,"opcode":true,"open":true,"patches":["714e4d1c7496e6b23834e7c88da3d69139418860fbc488fe82fd226b450a4be7"],"shared":true,"threads":true,"cflags":[],"cppflags":[],"cxxflags":[],"fflags":[],"ldflags":[],"ldlibs":[]},"patches":["714e4d1c7496e6b23834e7c88da3d69139418860fbc488fe82fd226b450a4be7"],"package_hash":"x6tfou4jit4zc6gylc5ukuvsk2ofbobfxq5bhxvsztkxpk2rfkya====","dependencies":[{"name":"berkeley-db","hash":"n6bh7lbowcvvtf3rnwcvj6g535sbchee","parameters":{"deptypes":["build","link"],"virtuals":[]}},{"name":"bzip2","hash":"a34gehvmyv7kbxnqxzclxro6azjetxwt","parameters":{"deptypes":["build","link"],"virtuals":[]}},{"name":"gdbm","hash":"j6oqdiybmrq5can32sxri6rxrrzirjlu","parameters":{"deptypes":["build","link"],"virtuals":[]}},{"name":"zlib-ng","hash":"e7sywlvivqcgfouzsikx74uftqhovv6t","parameters":{"deptypes":["build","link"],"virtuals":["zlib-api"]}}],"hash":"4f43xutg6wk7rua22yt565j6km27faaq"},"n6bh7lbowcvvtf3rnwcvj6g535sbchee":{"name":"berkeley-db","version":"18.1.40","arch":{"platform":"linux","platform_os":"centos7","target":{"name":"cascadelake","vendor":"GenuineIntel","features":["adx","aes","avx","avx2","avx512_vnni","avx512bw","avx512cd","avx512dq","avx512f","avx512vl","bmi1","bmi2","clflushopt","clwb","f16c","fma","mmx","movbe","pclmulqdq","popcnt","rdrand","rdseed","sse","sse2","sse4_1","sse4_2","ssse3","xsavec","xsaveopt"],"generation":0,"parents":["skylake_avx512"]}},"compiler":{"name":"intel","version":"2023.1.0"},"namespace":"builtin","parameters":{"build_system":"autotools","cxx":true,"docs":false,"patches":["26090f418891757af46ac3b89a9f43d6eb5989f7a3dce3d1cfc99fba547203b3","b231fcc4d5cff05e5c3a4814f6a5af0e9a966428dc2176540d2c05aff41de522"],"stl":true,"cflags":[],"cppflags":[],"cxxflags":[],"fflags":[],"ldflags":[],"ldlibs":[]},"patches":["b231fcc4d5cff05e5c3a4814f6a5af0e9a966428dc2176540d2c05aff41de522","26090f418891757af46ac3b89a9f43d6eb5989f7a3dce3d1cfc99fba547203b3"],"package_hash":"h57ydfn33zevvzctzzioiiwjwe362izbbwncb6a26dfeno4y7tda====","dependencies":[{"name":"gmake","hash":"qp2rnblkksbshfmnl7c5o5zgnudarbut","parameters":{"deptypes":["build"],"virtuals":[]}}],"hash":"n6bh7lbowcvvtf3rnwcvj6g535sbchee"},"j6oqdiybmrq5can32sxri6rxrrzirjlu":{"name":"gdbm","version":"1.23","arch":{"platform":"linux","platform_os":"centos7","target":{"name":"cascadelake","vendor":"GenuineIntel","features":["adx","aes","avx","avx2","avx512_vnni","avx512bw","avx512cd","avx512dq","avx512f","avx512vl","bmi1","bmi2","clflushopt","clwb","f16c","fma","mmx","movbe","pclmulqdq","popcnt","rdrand","rdseed","sse","sse2","sse4_1","sse4_2","ssse3","xsavec","xsaveopt"],"generation":0,"parents":["skylake_avx512"]}},"compiler":{"name":"intel","version":"2023.1.0"},"namespace":"builtin","parameters":{"build_system":"autotools","cflags":[],"cppflags":[],"cxxflags":[],"fflags":[],"ldflags":[],"ldlibs":[]},"package_hash":"liepxl6phlcxbgfmibxafhewtihlgaa4x3hko37ckqlafhxkrgdq====","dependencies":[{"name":"gmake","hash":"qp2rnblkksbshfmnl7c5o5zgnudarbut","parameters":{"deptypes":["build"],"virtuals":[]}},{"name":"readline","hash":"jdiyak2a2viv46btysqb2cwgw72kkamw","parameters":{"deptypes":["build","link"],"virtuals":[]}}],"hash":"j6oqdiybmrq5can32sxri6rxrrzirjlu"},"jdiyak2a2viv46btysqb2cwgw72kkamw":{"name":"readline","version":"8.2","arch":{"platform":"linux","platform_os":"centos7","target":{"name":"cascadelake","vendor":"GenuineIntel","features":["adx","aes","avx","avx2","avx512_vnni","avx512bw","avx512cd","avx512dq","avx512f","avx512vl","bmi1","bmi2","clflushopt","clwb","f16c","fma","mmx","movbe","pclmulqdq","popcnt","rdrand","rdseed","sse","sse2","sse4_1","sse4_2","ssse3","xsavec","xsaveopt"],"generation":0,"parents":["skylake_avx512"]}},"compiler":{"name":"intel","version":"2023.1.0"},"namespace":"builtin","parameters":{"build_system":"autotools","patches":["bbf97f1ec40a929edab5aa81998c1e2ef435436c597754916e6a5868f273aff7"],"cflags":[],"cppflags":[],"cxxflags":[],"fflags":[],"ldflags":[],"ldlibs":[]},"patches":["bbf97f1ec40a929edab5aa81998c1e2ef435436c597754916e6a5868f273aff7"],"package_hash":"oww6dmr7xqgg6j7iiluonxbcl4irqnnrip4vfkjdwujncwnuhwuq====","dependencies":[{"name":"gmake","hash":"qp2rnblkksbshfmnl7c5o5zgnudarbut","parameters":{"deptypes":["build"],"virtuals":[]}},{"name":"ncurses","hash":"wvcjoiytgrlj4jgngmambttdoqqcgvym","parameters":{"deptypes":["build","link"],"virtuals":[]}}],"hash":"jdiyak2a2viv46btysqb2cwgw72kkamw"},"wvcjoiytgrlj4jgngmambttdoqqcgvym":{"name":"ncurses","version":"6.4","arch":{"platform":"linux","platform_os":"centos7","target":{"name":"cascadelake","vendor":"GenuineIntel","features":["adx","aes","avx","avx2","avx512_vnni","avx512bw","avx512cd","avx512dq","avx512f","avx512vl","bmi1","bmi2","clflushopt","clwb","f16c","fma","mmx","movbe","pclmulqdq","popcnt","rdrand","rdseed","sse","sse2","sse4_1","sse4_2","ssse3","xsavec","xsaveopt"],"generation":0,"parents":["skylake_avx512"]}},"compiler":{"name":"intel","version":"2023.1.0"},"namespace":"builtin","parameters":{"abi":"none","build_system":"autotools","symlinks":false,"termlib":true,"cflags":[],"cppflags":[],"cxxflags":[],"fflags":[],"ldflags":[],"ldlibs":[]},"package_hash":"f4dhngazdplwea3xivbf2xuepc7i5j76amw6cy32ykyaa6k7uqda====","dependencies":[{"name":"gmake","hash":"qp2rnblkksbshfmnl7c5o5zgnudarbut","parameters":{"deptypes":["build"],"virtuals":[]}},{"name":"pkgconf","hash":"okagalmtnr3qpzgu7xblklkmzomz52qh","parameters":{"deptypes":["build"],"virtuals":["pkgconfig"]}}],"hash":"wvcjoiytgrlj4jgngmambttdoqqcgvym"},"yaqlroa5rcixyqhhz2pnw7bkfnayb4ct":{"name":"parallelio","version":"2.6.2","arch":{"platform":"linux","platform_os":"centos7","target":{"name":"cascadelake","vendor":"GenuineIntel","features":["adx","aes","avx","avx2","avx512_vnni","avx512bw","avx512cd","avx512dq","avx512f","avx512vl","bmi1","bmi2","clflushopt","clwb","f16c","fma","mmx","movbe","pclmulqdq","popcnt","rdrand","rdseed","sse","sse2","sse4_1","sse4_2","ssse3","xsavec","xsaveopt"],"generation":0,"parents":["skylake_avx512"]}},"compiler":{"name":"intel","version":"2023.1.0"},"namespace":"builtin","parameters":{"build_system":"cmake","build_type":"Release","fortran":true,"generator":"make","ipo":false,"logging":false,"mpi":false,"ncint":true,"pnetcdf":false,"shared":true,"timing":false,"cflags":[],"cppflags":[],"cxxflags":[],"fflags":[],"ldflags":[],"ldlibs":[]},"package_hash":"eqox3i2apbjltcszvd2k6xvzz6q5fbcuwxmbf422ub3i2k32gj6q====","dependencies":[{"name":"cmake","hash":"ebtxutps3vycoicxmzahypua3z5y3l2m","parameters":{"deptypes":["build"],"virtuals":[]}},{"name":"gmake","hash":"qp2rnblkksbshfmnl7c5o5zgnudarbut","parameters":{"deptypes":["build"],"virtuals":[]}},{"name":"mpi-serial","hash":"qxueuhllornziguszjg4fldqefz2i6ql","parameters":{"deptypes":["build","link"],"virtuals":[]}},{"name":"netcdf-c","hash":"y55umsb5h6yw4tossh4h2lh6hh2fwryh","parameters":{"deptypes":["link"],"virtuals":[]}},{"name":"netcdf-fortran","hash":"xfx4axhwfx4lbmkurm4ufmtwfxenqk26","parameters":{"deptypes":["link"],"virtuals":[]}}],"hash":"yaqlroa5rcixyqhhz2pnw7bkfnayb4ct"},"qxueuhllornziguszjg4fldqefz2i6ql":{"name":"mpi-serial","version":"2.3.0","arch":{"platform":"linux","platform_os":"centos7","target":{"name":"cascadelake","vendor":"GenuineIntel","features":["adx","aes","avx","avx2","avx512_vnni","avx512bw","avx512cd","avx512dq","avx512f","avx512vl","bmi1","bmi2","clflushopt","clwb","f16c","fma","mmx","movbe","pclmulqdq","popcnt","rdrand","rdseed","sse","sse2","sse4_1","sse4_2","ssse3","xsavec","xsaveopt"],"generation":0,"parents":["skylake_avx512"]}},"compiler":{"name":"intel","version":"2023.1.0"},"namespace":"builtin","parameters":{"build_system":"autotools","fort-double-size":"8","fort-real-size":"4","patches":["b090e1ae8537bce67f863a7f83c39cd927e7a096303e6f57ac0edd484a62ffcc"],"cflags":[],"cppflags":[],"cxxflags":[],"fflags":[],"ldflags":[],"ldlibs":[]},"patches":["b090e1ae8537bce67f863a7f83c39cd927e7a096303e6f57ac0edd484a62ffcc"],"package_hash":"m5d2vg5fb5zunzi36qf4i66th62mmfaqdmrokobjio7bocrtjj4a====","dependencies":[{"name":"gmake","hash":"qp2rnblkksbshfmnl7c5o5zgnudarbut","parameters":{"deptypes":["build"],"virtuals":[]}}],"hash":"qxueuhllornziguszjg4fldqefz2i6ql"}}}