{
  "_meta": {
    "file-type": "spack-lockfile",
    "lockfile-version": 4,
    "specfile-version": 3
  },
  "roots": [
    {
      "hash": "xfbp7lctow3eegn35pcru5axqub4ivep",
      "spec": "parallelio%gcc@12.1.0+logging~mpi~pnetcdf build_type=Debug ^netcdf-c@4.9.0+dap+zstd"
    },
    {
      "hash": "gitaz5rfngnhofplutlduj5326wqjlq5",
      "spec": "parallelio%gcc@12.1.0~mpi~pnetcdf ^netcdf-c@4.9.0+dap+zstd"
    }
  ],
  "concrete_specs": {
    "xfbp7lctow3eegn35pcru5axqub4ivep": {
      "name": "parallelio",
      "version": "2.5.9",
      "arch": {
        "platform": "cray",
        "platform_os": "sles15",
        "target": {
          "name": "zen",
          "vendor": "AuthenticAMD",
          "features": [
            "abm",
            "aes",
            "avx",
            "avx2",
            "bmi1",
            "bmi2",
            "clflushopt",
            "clzero",
            "cx16",
            "f16c",
            "fma",
            "fsgsbase",
            "mmx",
            "movbe",
            "pclmulqdq",
            "popcnt",
            "rdseed",
            "sse",
            "sse2",
            "sse4_1",
            "sse4_2",
            "sse4a",
            "ssse3",
            "xsavec",
            "xsaveopt"
          ],
          "generation": 0,
          "parents": [
            "x86_64_v3"
          ]
        }
      },
      "compiler": {
        "name": "gcc",
        "version": "12.1.0"
      },
      "namespace": "builtin",
      "parameters": {
        "build_type": "Debug",
        "fortran": true,
        "ipo": false,
        "logging": true,
        "mpi": false,
        "pnetcdf": false,
        "timing": false,
        "cflags": [],
        "cppflags": [],
        "cxxflags": [],
        "fflags": [],
        "ldflags": [],
        "ldlibs": []
      },
      "package_hash": "sxzntn4ajrukrgrqdsnxvm7cc4kaypsdszmztkb766aqllnlb67q====",
      "dependencies": [
        {
          "name": "cmake",
          "hash": "5zlvfxhs733hmxaxsq4k4eu6sse3l3ls",
          "type": [
            "build"
          ]
        },
        {
          "name": "mpi-serial",
          "hash": "voynd2nzifuhvrswkl2r5zjbg5sucnsa",
          "type": [
            "build",
            "link"
          ]
        },
        {
          "name": "netcdf-c",
          "hash": "hrh6etjerdpyrlbou6lj6qvrrwcra3wy",
          "type": [
            "link"
          ]
        },
        {
          "name": "netcdf-fortran",
          "hash": "32q257e4mm3ek4eoa4fig6ywn5bsm42t",
          "type": [
            "link"
          ]
        }
      ],
      "hash": "xfbp7lctow3eegn35pcru5axqub4ivep"
    },
    "5zlvfxhs733hmxaxsq4k4eu6sse3l3ls": {
      "name": "cmake",
      "version": "3.23.2",
      "arch": {
        "platform": "cray",
        "platform_os": "sles15",
        "target": {
          "name": "zen",
          "vendor": "AuthenticAMD",
          "features": [
            "abm",
            "aes",
            "avx",
            "avx2",
            "bmi1",
            "bmi2",
            "clflushopt",
            "clzero",
            "cx16",
            "f16c",
            "fma",
            "fsgsbase",
            "mmx",
            "movbe",
            "pclmulqdq",
            "popcnt",
            "rdseed",
            "sse",
            "sse2",
            "sse4_1",
            "sse4_2",
            "sse4a",
            "ssse3",
            "xsavec",
            "xsaveopt"
          ],
          "generation": 0,
          "parents": [
            "x86_64_v3"
          ]
        }
      },
      "compiler": {
        "name": "gcc",
        "version": "12.1.0"
      },
      "namespace": "builtin",
      "parameters": {
        "build_type": "Release",
        "doc": false,
        "ncurses": true,
        "ownlibs": true,
        "qt": false,
        "cflags": [],
        "cppflags": [],
        "cxxflags": [],
        "fflags": [],
        "ldflags": [],
        "ldlibs": []
      },
      "external": {
        "path": "/glade/u/apps/common/22.08/spack/opt/spack/cmake/3.23.2/gcc/7.5.0",
        "module": null,
        "extra_attributes": {}
      },
      "package_hash": "3ky53hrr7bxrwp6ltjygpfolyquwjn6akjdkbuy4x3wwuw5eacba====",
      "hash": "5zlvfxhs733hmxaxsq4k4eu6sse3l3ls"
    },
    "voynd2nzifuhvrswkl2r5zjbg5sucnsa": {
      "name": "mpi-serial",
      "version": "2.3.0",
      "arch": {
        "platform": "cray",
        "platform_os": "sles15",
        "target": {
          "name": "zen",
          "vendor": "AuthenticAMD",
          "features": [
            "abm",
            "aes",
            "avx",
            "avx2",
            "bmi1",
            "bmi2",
            "clflushopt",
            "clzero",
            "cx16",
            "f16c",
            "fma",
            "fsgsbase",
            "mmx",
            "movbe",
            "pclmulqdq",
            "popcnt",
            "rdseed",
            "sse",
            "sse2",
            "sse4_1",
            "sse4_2",
            "sse4a",
            "ssse3",
            "xsavec",
            "xsaveopt"
          ],
          "generation": 0,
          "parents": [
            "x86_64_v3"
          ]
        }
      },
      "compiler": {
        "name": "gcc",
        "version": "12.1.0"
      },
      "namespace": "builtin",
      "parameters": {
        "fort-double-size": "8",
        "fort-real-size": "4",
        "patches": [
          "b090e1ae8537bce67f863a7f83c39cd927e7a096303e6f57ac0edd484a62ffcc"
        ],
        "cflags": [],
        "cppflags": [],
        "cxxflags": [],
        "fflags": [],
        "ldflags": [],
        "ldlibs": []
      },
      "patches": [
        "b090e1ae8537bce67f863a7f83c39cd927e7a096303e6f57ac0edd484a62ffcc"
      ],
      "package_hash": "3ieqvtunorqdz7yhmc2chpbl3wala2giapb56x47binyderkrf5a====",
      "hash": "voynd2nzifuhvrswkl2r5zjbg5sucnsa"
    },
    "hrh6etjerdpyrlbou6lj6qvrrwcra3wy": {
      "name": "netcdf-c",
      "version": "4.9.0",
      "arch": {
        "platform": "cray",
        "platform_os": "sles15",
        "target": {
          "name": "zen",
          "vendor": "AuthenticAMD",
          "features": [
            "abm",
            "aes",
            "avx",
            "avx2",
            "bmi1",
            "bmi2",
            "clflushopt",
            "clzero",
            "cx16",
            "f16c",
            "fma",
            "fsgsbase",
            "mmx",
            "movbe",
            "pclmulqdq",
            "popcnt",
            "rdseed",
            "sse",
            "sse2",
            "sse4_1",
            "sse4_2",
            "sse4a",
            "ssse3",
            "xsavec",
            "xsaveopt"
          ],
          "generation": 0,
          "parents": [
            "x86_64_v3"
          ]
        }
      },
      "compiler": {
        "name": "gcc",
        "version": "12.1.0"
      },
      "namespace": "builtin",
      "parameters": {
        "dap": true,
        "fsync": false,
        "hdf4": false,
        "jna": false,
        "mpi": false,
        "parallel-netcdf": false,
        "pic": true,
        "shared": true,
        "zstd": true,
        "cflags": [],
        "cppflags": [],
        "cxxflags": [],
        "fflags": [],
        "ldflags": [],
        "ldlibs": []
      },
      "package_hash": "w7mnjj5pwofwvo4d62uuagozncdatyyrv3xfi4ckplkpzwy45h3q====",
      "dependencies": [
        {
          "name": "curl",
          "hash": "xwiw4lergr6uv4hk3gixkrhsstskphym",
          "type": [
            "build",
            "link"
          ]
        },
        {
          "name": "hdf5",
          "hash": "ztbnyjqj3lbmcjaqm443nueou4n53ky4",
          "type": [
            "build",
            "link"
          ]
        },
        {
          "name": "m4",
          "hash": "fqmn5hlg7h77aggjg3cj5ggezo55wcvd",
          "type": [
            "build"
          ]
        },
        {
          "name": "zlib",
          "hash": "76rpr2dro4zmlkcc2mlzkc2k25slptbw",
          "type": [
            "build",
            "link"
          ]
        }
      ],
      "hash": "hrh6etjerdpyrlbou6lj6qvrrwcra3wy"
    },
    "xwiw4lergr6uv4hk3gixkrhsstskphym": {
      "name": "curl",
      "version": "7.84.0",
      "arch": {
        "platform": "cray",
        "platform_os": "sles15",
        "target": {
          "name": "zen",
          "vendor": "AuthenticAMD",
          "features": [
            "abm",
            "aes",
            "avx",
            "avx2",
            "bmi1",
            "bmi2",
            "clflushopt",
            "clzero",
            "cx16",
            "f16c",
            "fma",
            "fsgsbase",
            "mmx",
            "movbe",
            "pclmulqdq",
            "popcnt",
            "rdseed",
            "sse",
            "sse2",
            "sse4_1",
            "sse4_2",
            "sse4a",
            "ssse3",
            "xsavec",
            "xsaveopt"
          ],
          "generation": 0,
          "parents": [
            "x86_64_v3"
          ]
        }
      },
      "compiler": {
        "name": "gcc",
        "version": "12.1.0"
      },
      "namespace": "builtin",
      "parameters": {
        "gssapi": false,
        "ldap": false,
        "libidn2": false,
        "librtmp": false,
        "libs": [
          "shared",
          "static"
        ],
        "libssh": false,
        "libssh2": false,
        "nghttp2": false,
        "patches": [
          "9b011c957cedcc089b53399f31328b1ebb7ec87dd5eeefd1f83c7fc8741405a0"
        ],
        "tls": [
          "openssl"
        ],
        "cflags": [],
        "cppflags": [],
        "cxxflags": [],
        "fflags": [],
        "ldflags": [],
        "ldlibs": []
      },
      "external": {
        "path": "/glade/u/apps/common/22.08/spack/opt/spack/curl/7.84.0/gcc/7.5.0",
        "module": null,
        "extra_attributes": {}
      },
      "patches": [
        "9b011c957cedcc089b53399f31328b1ebb7ec87dd5eeefd1f83c7fc8741405a0"
      ],
      "package_hash": "5nlb2be4gsspcjbu33kxtbx7m2i6na5krlnt2wmiexikpxrvshta====",
      "hash": "xwiw4lergr6uv4hk3gixkrhsstskphym"
    },
    "ztbnyjqj3lbmcjaqm443nueou4n53ky4": {
      "name": "hdf5",
      "version": "1.12.2",
      "arch": {
        "platform": "cray",
        "platform_os": "sles15",
        "target": {
          "name": "zen",
          "vendor": "AuthenticAMD",
          "features": [
            "abm",
            "aes",
            "avx",
            "avx2",
            "bmi1",
            "bmi2",
            "clflushopt",
            "clzero",
            "cx16",
            "f16c",
            "fma",
            "fsgsbase",
            "mmx",
            "movbe",
            "pclmulqdq",
            "popcnt",
            "rdseed",
            "sse",
            "sse2",
            "sse4_1",
            "sse4_2",
            "sse4a",
            "ssse3",
            "xsavec",
            "xsaveopt"
          ],
          "generation": 0,
          "parents": [
            "x86_64_v3"
          ]
        }
      },
      "compiler": {
        "name": "gcc",
        "version": "12.1.0"
      },
      "namespace": "builtin",
      "parameters": {
        "api": "default",
        "build_type": "RelWithDebInfo",
        "cxx": true,
        "fortran": true,
        "hl": true,
        "ipo": false,
        "java": false,
        "mpi": false,
        "shared": true,
        "szip": true,
        "threadsafe": false,
        "tools": true,
        "cflags": [],
        "cppflags": [],
        "cxxflags": [],
        "fflags": [],
        "ldflags": [],
        "ldlibs": []
      },
      "package_hash": "4mb56zekgwonzamfj5xizouoe42xsvtuahst6z26hya2r7xmpnka====",
      "dependencies": [
        {
          "name": "cmake",
          "hash": "5zlvfxhs733hmxaxsq4k4eu6sse3l3ls",
          "type": [
            "build"
          ]
        },
        {
          "name": "libszip",
          "hash": "3xcgrzr3aheb73fl5rewwkbdxu6fzbjl",
          "type": [
            "build",
            "link"
          ]
        },
        {
          "name": "pkg-config",
          "hash": "h3l74gicqpxnj642ys3xtqk4to4g6kyy",
          "type": [
            "run"
          ]
        },
        {
          "name": "zlib",
          "hash": "76rpr2dro4zmlkcc2mlzkc2k25slptbw",
          "type": [
            "build",
            "link"
          ]
        }
      ],
      "hash": "ztbnyjqj3lbmcjaqm443nueou4n53ky4"
    },
    "3xcgrzr3aheb73fl5rewwkbdxu6fzbjl": {
      "name": "libszip",
      "version": "2.1.1",
      "arch": {
        "platform": "cray",
        "platform_os": "sles15",
        "target": {
          "name": "zen",
          "vendor": "AuthenticAMD",
          "features": [
            "abm",
            "aes",
            "avx",
            "avx2",
            "bmi1",
            "bmi2",
            "clflushopt",
            "clzero",
            "cx16",
            "f16c",
            "fma",
            "fsgsbase",
            "mmx",
            "movbe",
            "pclmulqdq",
            "popcnt",
            "rdseed",
            "sse",
            "sse2",
            "sse4_1",
            "sse4_2",
            "sse4a",
            "ssse3",
            "xsavec",
            "xsaveopt"
          ],
          "generation": 0,
          "parents": [
            "x86_64_v3"
          ]
        }
      },
      "compiler": {
        "name": "gcc",
        "version": "12.1.0"
      },
      "namespace": "builtin",
      "parameters": {
        "cflags": [],
        "cppflags": [],
        "cxxflags": [],
        "fflags": [],
        "ldflags": [],
        "ldlibs": []
      },
      "external": {
        "path": "/glade/u/apps/common/22.08/spack/opt/spack/libszip/2.1.1/gcc/7.5.0",
        "module": null,
        "extra_attributes": {}
      },
      "package_hash": "kuu3hjltsutli27iczo23kkbcq65st4ieyzd6bzfjvxsjuplpxha====",
      "hash": "3xcgrzr3aheb73fl5rewwkbdxu6fzbjl"
    },
    "h3l74gicqpxnj642ys3xtqk4to4g6kyy": {
      "name": "pkg-config",
      "version": "0.29.2",
      "arch": {
        "platform": "cray",
        "platform_os": "sles15",
        "target": {
          "name": "zen",
          "vendor": "AuthenticAMD",
          "features": [
            "abm",
            "aes",
            "avx",
            "avx2",
            "bmi1",
            "bmi2",
            "clflushopt",
            "clzero",
            "cx16",
            "f16c",
            "fma",
            "fsgsbase",
            "mmx",
            "movbe",
            "pclmulqdq",
            "popcnt",
            "rdseed",
            "sse",
            "sse2",
            "sse4_1",
            "sse4_2",
            "sse4a",
            "ssse3",
            "xsavec",
            "xsaveopt"
          ],
          "generation": 0,
          "parents": [
            "x86_64_v3"
          ]
        }
      },
      "compiler": {
        "name": "gcc",
        "version": "12.1.0"
      },
      "namespace": "builtin",
      "parameters": {
        "internal_glib": true,
        "cflags": [],
        "cppflags": [],
        "cxxflags": [],
        "fflags": [],
        "ldflags": [],
        "ldlibs": []
      },
      "external": {
        "path": "/usr",
        "module": null,
        "extra_attributes": {}
      },
      "package_hash": "gbg7cfatgrssz3uo55zzkox2fzkpr4san6eijcbszseublk6ohfa====",
      "hash": "h3l74gicqpxnj642ys3xtqk4to4g6kyy"
    },
    "76rpr2dro4zmlkcc2mlzkc2k25slptbw": {
      "name": "zlib",
      "version": "1.2.12",
      "arch": {
        "platform": "cray",
        "platform_os": "sles15",
        "target": {
          "name": "zen",
          "vendor": "AuthenticAMD",
          "features": [
            "abm",
            "aes",
            "avx",
            "avx2",
            "bmi1",
            "bmi2",
            "clflushopt",
            "clzero",
            "cx16",
            "f16c",
            "fma",
            "fsgsbase",
            "mmx",
            "movbe",
            "pclmulqdq",
            "popcnt",
            "rdseed",
            "sse",
            "sse2",
            "sse4_1",
            "sse4_2",
            "sse4a",
            "ssse3",
            "xsavec",
            "xsaveopt"
          ],
          "generation": 0,
          "parents": [
            "x86_64_v3"
          ]
        }
      },
      "compiler": {
        "name": "gcc",
        "version": "12.1.0"
      },
      "namespace": "builtin",
      "parameters": {
        "optimize": true,
        "patches": [
          "0d38234384870bfd34dfcb738a9083952656f0c766a0f5990b1893076b084b76"
        ],
        "pic": true,
        "shared": true,
        "cflags": [],
        "cppflags": [],
        "cxxflags": [],
        "fflags": [],
        "ldflags": [],
        "ldlibs": []
      },
      "external": {
        "path": "/glade/u/apps/common/22.08/spack/opt/spack/zlib/1.2.12/gcc/7.5.0",
        "module": null,
        "extra_attributes": {}
      },
      "patches": [
        "0d38234384870bfd34dfcb738a9083952656f0c766a0f5990b1893076b084b76"
      ],
      "package_hash": "pthf7iophdyonixxeed7gyqiksopxeklzzjbxtjrw7nzlkcqleba====",
      "hash": "76rpr2dro4zmlkcc2mlzkc2k25slptbw"
    },
    "fqmn5hlg7h77aggjg3cj5ggezo55wcvd": {
      "name": "m4",
      "version": "1.4.18",
      "arch": {
        "platform": "cray",
        "platform_os": "sles15",
        "target": {
          "name": "zen",
          "vendor": "AuthenticAMD",
          "features": [
            "abm",
            "aes",
            "avx",
            "avx2",
            "bmi1",
            "bmi2",
            "clflushopt",
            "clzero",
            "cx16",
            "f16c",
            "fma",
            "fsgsbase",
            "mmx",
            "movbe",
            "pclmulqdq",
            "popcnt",
            "rdseed",
            "sse",
            "sse2",
            "sse4_1",
            "sse4_2",
            "sse4a",
            "ssse3",
            "xsavec",
            "xsaveopt"
          ],
          "generation": 0,
          "parents": [
            "x86_64_v3"
          ]
        }
      },
      "compiler": {
        "name": "gcc",
        "version": "12.1.0"
      },
      "namespace": "builtin",
      "parameters": {
        "patches": [
          "3877ab548f88597ab2327a2230ee048d2d07ace1062efe81fc92e91b7f39cd00",
          "fc9b61654a3ba1a8d6cd78ce087e7c96366c290bc8d2c299f09828d793b853c8"
        ],
        "sigsegv": true,
        "cflags": [],
        "cppflags": [],
        "cxxflags": [],
        "fflags": [],
        "ldflags": [],
        "ldlibs": []
      },
      "external": {
        "path": "/usr",
        "module": null,
        "extra_attributes": {}
      },
      "patches": [
        "3877ab548f88597ab2327a2230ee048d2d07ace1062efe81fc92e91b7f39cd00",
        "fc9b61654a3ba1a8d6cd78ce087e7c96366c290bc8d2c299f09828d793b853c8"
      ],
      "package_hash": "vxwx3k2qdjrdtwd3nggzkk6yrnvvp6xlix7dix4gbwyuhyicxjiq====",
      "hash": "fqmn5hlg7h77aggjg3cj5ggezo55wcvd"
    },
    "32q257e4mm3ek4eoa4fig6ywn5bsm42t": {
      "name": "netcdf-fortran",
      "version": "4.5.3",
      "arch": {
        "platform": "cray",
        "platform_os": "sles15",
        "target": {
          "name": "zen",
          "vendor": "AuthenticAMD",
          "features": [
            "abm",
            "aes",
            "avx",
            "avx2",
            "bmi1",
            "bmi2",
            "clflushopt",
            "clzero",
            "cx16",
            "f16c",
            "fma",
            "fsgsbase",
            "mmx",
            "movbe",
            "pclmulqdq",
            "popcnt",
            "rdseed",
            "sse",
            "sse2",
            "sse4_1",
            "sse4_2",
            "sse4a",
            "ssse3",
            "xsavec",
            "xsaveopt"
          ],
          "generation": 0,
          "parents": [
            "x86_64_v3"
          ]
        }
      },
      "compiler": {
        "name": "gcc",
        "version": "12.1.0"
      },
      "namespace": "builtin",
      "parameters": {
        "build_system": "autotools",
        "doc": false,
        "pic": true,
        "shared": true,
        "cflags": [],
        "cppflags": [],
        "cxxflags": [],
        "fflags": [],
        "ldflags": [],
        "ldlibs": []
      },
      "external": {
        "path": "/glade/u/apps/gust/22.10/spack/opt/spack/netcdf/4.9.0/openmpi/4.1.4/gcc/12.1.0",
        "module": [
          "netcdf-mpi/4.9.0"
        ],
        "extra_attributes": {}
      },
      "package_hash": "lrzmssb2hf7x3cmjz2m7ohftg2nwrztapadqy5iaoqfb3r3sgh5q====",
      "hash": "32q257e4mm3ek4eoa4fig6ywn5bsm42t"
    },
    "gitaz5rfngnhofplutlduj5326wqjlq5": {
      "name": "parallelio",
      "version": "2.5.9",
      "arch": {
        "platform": "cray",
        "platform_os": "sles15",
        "target": {
          "name": "zen",
          "vendor": "AuthenticAMD",
          "features": [
            "abm",
            "aes",
            "avx",
            "avx2",
            "bmi1",
            "bmi2",
            "clflushopt",
            "clzero",
            "cx16",
            "f16c",
            "fma",
            "fsgsbase",
            "mmx",
            "movbe",
            "pclmulqdq",
            "popcnt",
            "rdseed",
            "sse",
            "sse2",
            "sse4_1",
            "sse4_2",
            "sse4a",
            "ssse3",
            "xsavec",
            "xsaveopt"
          ],
          "generation": 0,
          "parents": [
            "x86_64_v3"
          ]
        }
      },
      "compiler": {
        "name": "gcc",
        "version": "12.1.0"
      },
      "namespace": "builtin",
      "parameters": {
        "build_type": "RelWithDebInfo",
        "fortran": true,
        "ipo": false,
        "logging": false,
        "mpi": false,
        "pnetcdf": false,
        "timing": false,
        "cflags": [],
        "cppflags": [],
        "cxxflags": [],
        "fflags": [],
        "ldflags": [],
        "ldlibs": []
      },
      "package_hash": "sxzntn4ajrukrgrqdsnxvm7cc4kaypsdszmztkb766aqllnlb67q====",
      "dependencies": [
        {
          "name": "cmake",
          "hash": "5zlvfxhs733hmxaxsq4k4eu6sse3l3ls",
          "type": [
            "build"
          ]
        },
        {
          "name": "mpi-serial",
          "hash": "voynd2nzifuhvrswkl2r5zjbg5sucnsa",
          "type": [
            "build",
            "link"
          ]
        },
        {
          "name": "netcdf-c",
          "hash": "hrh6etjerdpyrlbou6lj6qvrrwcra3wy",
          "type": [
            "link"
          ]
        },
        {
          "name": "netcdf-fortran",
          "hash": "32q257e4mm3ek4eoa4fig6ywn5bsm42t",
          "type": [
            "link"
          ]
        }
      ],
      "hash": "gitaz5rfngnhofplutlduj5326wqjlq5"
    }
  }
}