{
  "_meta": {
    "file-type": "spack-lockfile",
    "lockfile-version": 4,
    "specfile-version": 3
  },
  "roots": [
    {
      "hash": "o5cr5kfhtocbyzpzysh7cqccybtrxbsh",
      "spec": "mpi-serial%gcc@12.2.0"
    },
    {
      "hash": "plgpfdol42y3rixnulxwoj4y76coanpu",
      "spec": "mpi-serial%oneapi@2023.0.0"
    },
    {
      "hash": "ucvs6se2l5vwawcomg3opmyas47ws2rv",
      "spec": "mpi-serial%cce@15.0.1"
    },
    {
      "hash": "xktb7zg5efqye56taxvgikpeuhfaf5ea",
      "spec": "mpi-serial%nvhpc@23.1"
    }
  ],
  "concrete_specs": {
    "o5cr5kfhtocbyzpzysh7cqccybtrxbsh": {
      "name": "mpi-serial",
      "version": "2.3.0",
      "arch": {
        "platform": "linux",
        "platform_os": "sles15",
        "target": {
          "name": "zen3",
          "vendor": "AuthenticAMD",
          "features": [
            "abm",
            "aes",
            "avx",
            "avx2",
            "bmi1",
            "bmi2",
            "clflushopt",
            "clwb",
            "clzero",
            "cx16",
            "f16c",
            "fma",
            "fsgsbase",
            "mmx",
            "movbe",
            "pclmulqdq",
            "pku",
            "popcnt",
            "rdseed",
            "sse",
            "sse2",
            "sse4_1",
            "sse4_2",
            "sse4a",
            "ssse3",
            "vaes",
            "vpclmulqdq",
            "xsavec",
            "xsaveopt"
          ],
          "generation": 0,
          "parents": [
            "zen2"
          ]
        }
      },
      "compiler": {
        "name": "gcc",
        "version": "12.2.0"
      },
      "namespace": "builtin",
      "parameters": {
        "build_system": "autotools",
        "fort-double-size": "8",
        "fort-real-size": "4",
        "patches": [
          "b090e1ae8537bce67f863a7f83c39cd927e7a096303e6f57ac0edd484a62ffcc"
        ],
        "cflags": [],
        "cppflags": [],
        "cxxflags": [],
        "fflags": [],
        "ldflags": [],
        "ldlibs": []
      },
      "patches": [
        "b090e1ae8537bce67f863a7f83c39cd927e7a096303e6f57ac0edd484a62ffcc"
      ],
      "package_hash": "roupd2n3qyaqe6peoh4ha3w545nnqhqjovcuk5jf7mzqlzsatyuq====",
      "hash": "o5cr5kfhtocbyzpzysh7cqccybtrxbsh"
    },
    "plgpfdol42y3rixnulxwoj4y76coanpu": {
      "name": "mpi-serial",
      "version": "2.3.0",
      "arch": {
        "platform": "linux",
        "platform_os": "sles15",
        "target": {
          "name": "zen3",
          "vendor": "AuthenticAMD",
          "features": [
            "abm",
            "aes",
            "avx",
            "avx2",
            "bmi1",
            "bmi2",
            "clflushopt",
            "clwb",
            "clzero",
            "cx16",
            "f16c",
            "fma",
            "fsgsbase",
            "mmx",
            "movbe",
            "pclmulqdq",
            "pku",
            "popcnt",
            "rdseed",
            "sse",
            "sse2",
            "sse4_1",
            "sse4_2",
            "sse4a",
            "ssse3",
            "vaes",
            "vpclmulqdq",
            "xsavec",
            "xsaveopt"
          ],
          "generation": 0,
          "parents": [
            "zen2"
          ]
        }
      },
      "compiler": {
        "name": "oneapi",
        "version": "2023.0.0"
      },
      "namespace": "builtin",
      "parameters": {
        "build_system": "autotools",
        "fort-double-size": "8",
        "fort-real-size": "4",
        "patches": [
          "b090e1ae8537bce67f863a7f83c39cd927e7a096303e6f57ac0edd484a62ffcc"
        ],
        "cflags": [],
        "cppflags": [],
        "cxxflags": [],
        "fflags": [],
        "ldflags": [],
        "ldlibs": []
      },
      "patches": [
        "b090e1ae8537bce67f863a7f83c39cd927e7a096303e6f57ac0edd484a62ffcc"
      ],
      "package_hash": "wt2c7aqahsgr27uhx67q7l5kizwxzsor4y7gayeqyfuvbtpupcaq====",
      "hash": "plgpfdol42y3rixnulxwoj4y76coanpu"
    },
    "ucvs6se2l5vwawcomg3opmyas47ws2rv": {
      "name": "mpi-serial",
      "version": "2.3.0",
      "arch": {
        "platform": "linux",
        "platform_os": "sles15",
        "target": {
          "name": "zen3",
          "vendor": "AuthenticAMD",
          "features": [
            "abm",
            "aes",
            "avx",
            "avx2",
            "bmi1",
            "bmi2",
            "clflushopt",
            "clwb",
            "clzero",
            "cx16",
            "f16c",
            "fma",
            "fsgsbase",
            "mmx",
            "movbe",
            "pclmulqdq",
            "pku",
            "popcnt",
            "rdseed",
            "sse",
            "sse2",
            "sse4_1",
            "sse4_2",
            "sse4a",
            "ssse3",
            "vaes",
            "vpclmulqdq",
            "xsavec",
            "xsaveopt"
          ],
          "generation": 0,
          "parents": [
            "zen2"
          ]
        }
      },
      "compiler": {
        "name": "cce",
        "version": "15.0.1"
      },
      "namespace": "builtin",
      "parameters": {
        "build_system": "autotools",
        "fort-double-size": "8",
        "fort-real-size": "4",
        "patches": [
          "b090e1ae8537bce67f863a7f83c39cd927e7a096303e6f57ac0edd484a62ffcc"
        ],
        "cflags": [],
        "cppflags": [],
        "cxxflags": [],
        "fflags": [],
        "ldflags": [],
        "ldlibs": []
      },
      "patches": [
        "b090e1ae8537bce67f863a7f83c39cd927e7a096303e6f57ac0edd484a62ffcc"
      ],
      "package_hash": "wt2c7aqahsgr27uhx67q7l5kizwxzsor4y7gayeqyfuvbtpupcaq====",
      "hash": "ucvs6se2l5vwawcomg3opmyas47ws2rv"
    },
    "xktb7zg5efqye56taxvgikpeuhfaf5ea": {
      "name": "mpi-serial",
      "version": "2.3.0",
      "arch": {
        "platform": "linux",
        "platform_os": "sles15",
        "target": {
          "name": "zen3",
          "vendor": "AuthenticAMD",
          "features": [
            "abm",
            "aes",
            "avx",
            "avx2",
            "bmi1",
            "bmi2",
            "clflushopt",
            "clwb",
            "clzero",
            "cx16",
            "f16c",
            "fma",
            "fsgsbase",
            "mmx",
            "movbe",
            "pclmulqdq",
            "pku",
            "popcnt",
            "rdseed",
            "sse",
            "sse2",
            "sse4_1",
            "sse4_2",
            "sse4a",
            "ssse3",
            "vaes",
            "vpclmulqdq",
            "xsavec",
            "xsaveopt"
          ],
          "generation": 0,
          "parents": [
            "zen2"
          ]
        }
      },
      "compiler": {
        "name": "nvhpc",
        "version": "23.1"
      },
      "namespace": "builtin",
      "parameters": {
        "build_system": "autotools",
        "fort-double-size": "8",
        "fort-real-size": "4",
        "patches": [
          "b090e1ae8537bce67f863a7f83c39cd927e7a096303e6f57ac0edd484a62ffcc"
        ],
        "cflags": [],
        "cppflags": [
          "-fPIC"
        ],
        "cxxflags": [],
        "fflags": [],
        "ldflags": [],
        "ldlibs": []
      },
      "patches": [
        "b090e1ae8537bce67f863a7f83c39cd927e7a096303e6f57ac0edd484a62ffcc"
      ],
      "package_hash": "3ieqvtunorqdz7yhmc2chpbl3wala2giapb56x47binyderkrf5a====",
      "hash": "xktb7zg5efqye56taxvgikpeuhfaf5ea"
    }
  }
}