{
  "_meta": {
    "file-type": "spack-lockfile",
    "lockfile-version": 4,
    "specfile-version": 3
  },
  "roots": [
    {
      "hash": "av6rmbr5sw2c3nm5jc4scmlaab5rwcrz",
      "spec": "mpi-serial%gcc cppflags=\"-fPIC\""
    },
    {
      "hash": "oiheewtrxcwx4u54k2x33nqm7cattuop",
      "spec": "mpi-serial%oneapi cppflags=\"-fPIC\""
    },
    {
      "hash": "mkknmubeeiqh3uvtoq2w3zwwwlq4oc6j",
      "spec": "mpi-serial%cce cppflags=\"-fPIC\""
    },
    {
      "hash": "v6vqlcsiw75bruaoooowszevughapkz7",
      "spec": "mpi-serial%intel cppflags=\"-fPIC\""
    },
    {
      "hash": "tlcbtvgczv2stfszkq4fhpys7b2d7cpk",
      "spec": "mpi-serial%nvhpc cppflags=\"-fPIC\""
    }
  ],
  "concrete_specs": {
    "av6rmbr5sw2c3nm5jc4scmlaab5rwcrz": {
      "name": "mpi-serial",
      "version": "2.3.0",
      "arch": {
        "platform": "cray",
        "platform_os": "sles15",
        "target": {
          "name": "zen3",
          "vendor": "AuthenticAMD",
          "features": [
            "abm",
            "aes",
            "avx",
            "avx2",
            "bmi1",
            "bmi2",
            "clflushopt",
            "clwb",
            "clzero",
            "cx16",
            "f16c",
            "fma",
            "fsgsbase",
            "mmx",
            "movbe",
            "pclmulqdq",
            "pku",
            "popcnt",
            "rdseed",
            "sse",
            "sse2",
            "sse4_1",
            "sse4_2",
            "sse4a",
            "ssse3",
            "vaes",
            "vpclmulqdq",
            "xsavec",
            "xsaveopt"
          ],
          "generation": 0,
          "parents": [
            "zen2"
          ]
        }
      },
      "compiler": {
        "name": "gcc",
        "version": "11.2.0"
      },
      "namespace": "builtin",
      "parameters": {
        "fort-double-size": "8",
        "fort-real-size": "4",
        "patches": [
          "85f19e3d962e4b2f99137e8cd0bcad412fe6185c771434ab3f04b5cdcca24a27"
        ],
        "cflags": [],
        "cppflags": [
          "-fPIC"
        ],
        "cxxflags": [],
        "fflags": [],
        "ldflags": [],
        "ldlibs": []
      },
      "patches": [
        "85f19e3d962e4b2f99137e8cd0bcad412fe6185c771434ab3f04b5cdcca24a27"
      ],
      "package_hash": "ofyrazdvmuhpv7xkdfmpdcxlmvqsf3m3esovtrlxt3o64mewsesa====",
      "hash": "av6rmbr5sw2c3nm5jc4scmlaab5rwcrz"
    },
    "oiheewtrxcwx4u54k2x33nqm7cattuop": {
      "name": "mpi-serial",
      "version": "2.3.0",
      "arch": {
        "platform": "cray",
        "platform_os": "sles15",
        "target": {
          "name": "zen3",
          "vendor": "AuthenticAMD",
          "features": [
            "abm",
            "aes",
            "avx",
            "avx2",
            "bmi1",
            "bmi2",
            "clflushopt",
            "clwb",
            "clzero",
            "cx16",
            "f16c",
            "fma",
            "fsgsbase",
            "mmx",
            "movbe",
            "pclmulqdq",
            "pku",
            "popcnt",
            "rdseed",
            "sse",
            "sse2",
            "sse4_1",
            "sse4_2",
            "sse4a",
            "ssse3",
            "vaes",
            "vpclmulqdq",
            "xsavec",
            "xsaveopt"
          ],
          "generation": 0,
          "parents": [
            "zen2"
          ]
        }
      },
      "compiler": {
        "name": "oneapi",
        "version": "2022.1.0"
      },
      "namespace": "builtin",
      "parameters": {
        "fort-double-size": "8",
        "fort-real-size": "4",
        "patches": [
          "85f19e3d962e4b2f99137e8cd0bcad412fe6185c771434ab3f04b5cdcca24a27"
        ],
        "cflags": [],
        "cppflags": [
          "-fPIC"
        ],
        "cxxflags": [],
        "fflags": [],
        "ldflags": [],
        "ldlibs": []
      },
      "patches": [
        "85f19e3d962e4b2f99137e8cd0bcad412fe6185c771434ab3f04b5cdcca24a27"
      ],
      "package_hash": "ofyrazdvmuhpv7xkdfmpdcxlmvqsf3m3esovtrlxt3o64mewsesa====",
      "hash": "oiheewtrxcwx4u54k2x33nqm7cattuop"
    },
    "mkknmubeeiqh3uvtoq2w3zwwwlq4oc6j": {
      "name": "mpi-serial",
      "version": "2.3.0",
      "arch": {
        "platform": "cray",
        "platform_os": "sles15",
        "target": {
          "name": "zen3",
          "vendor": "AuthenticAMD",
          "features": [
            "abm",
            "aes",
            "avx",
            "avx2",
            "bmi1",
            "bmi2",
            "clflushopt",
            "clwb",
            "clzero",
            "cx16",
            "f16c",
            "fma",
            "fsgsbase",
            "mmx",
            "movbe",
            "pclmulqdq",
            "pku",
            "popcnt",
            "rdseed",
            "sse",
            "sse2",
            "sse4_1",
            "sse4_2",
            "sse4a",
            "ssse3",
            "vaes",
            "vpclmulqdq",
            "xsavec",
            "xsaveopt"
          ],
          "generation": 0,
          "parents": [
            "zen2"
          ]
        }
      },
      "compiler": {
        "name": "cce",
        "version": "14.0.2"
      },
      "namespace": "builtin",
      "parameters": {
        "fort-double-size": "8",
        "fort-real-size": "4",
        "patches": [
          "85f19e3d962e4b2f99137e8cd0bcad412fe6185c771434ab3f04b5cdcca24a27"
        ],
        "cflags": [],
        "cppflags": [
          "-fPIC"
        ],
        "cxxflags": [],
        "fflags": [],
        "ldflags": [],
        "ldlibs": []
      },
      "patches": [
        "85f19e3d962e4b2f99137e8cd0bcad412fe6185c771434ab3f04b5cdcca24a27"
      ],
      "package_hash": "ofyrazdvmuhpv7xkdfmpdcxlmvqsf3m3esovtrlxt3o64mewsesa====",
      "hash": "mkknmubeeiqh3uvtoq2w3zwwwlq4oc6j"
    },
    "v6vqlcsiw75bruaoooowszevughapkz7": {
      "name": "mpi-serial",
      "version": "2.3.0",
      "arch": {
        "platform": "cray",
        "platform_os": "sles15",
        "target": {
          "name": "zen3",
          "vendor": "AuthenticAMD",
          "features": [
            "abm",
            "aes",
            "avx",
            "avx2",
            "bmi1",
            "bmi2",
            "clflushopt",
            "clwb",
            "clzero",
            "cx16",
            "f16c",
            "fma",
            "fsgsbase",
            "mmx",
            "movbe",
            "pclmulqdq",
            "pku",
            "popcnt",
            "rdseed",
            "sse",
            "sse2",
            "sse4_1",
            "sse4_2",
            "sse4a",
            "ssse3",
            "vaes",
            "vpclmulqdq",
            "xsavec",
            "xsaveopt"
          ],
          "generation": 0,
          "parents": [
            "zen2"
          ]
        }
      },
      "compiler": {
        "name": "intel",
        "version": "2022.1.0"
      },
      "namespace": "builtin",
      "parameters": {
        "fort-double-size": "8",
        "fort-real-size": "4",
        "patches": [
          "85f19e3d962e4b2f99137e8cd0bcad412fe6185c771434ab3f04b5cdcca24a27"
        ],
        "cflags": [],
        "cppflags": [
          "-fPIC"
        ],
        "cxxflags": [],
        "fflags": [],
        "ldflags": [],
        "ldlibs": []
      },
      "patches": [
        "85f19e3d962e4b2f99137e8cd0bcad412fe6185c771434ab3f04b5cdcca24a27"
      ],
      "package_hash": "ofyrazdvmuhpv7xkdfmpdcxlmvqsf3m3esovtrlxt3o64mewsesa====",
      "hash": "v6vqlcsiw75bruaoooowszevughapkz7"
    },
    "tlcbtvgczv2stfszkq4fhpys7b2d7cpk": {
      "name": "mpi-serial",
      "version": "2.3.0",
      "arch": {
        "platform": "cray",
        "platform_os": "sles15",
        "target": {
          "name": "zen3",
          "vendor": "AuthenticAMD",
          "features": [
            "abm",
            "aes",
            "avx",
            "avx2",
            "bmi1",
            "bmi2",
            "clflushopt",
            "clwb",
            "clzero",
            "cx16",
            "f16c",
            "fma",
            "fsgsbase",
            "mmx",
            "movbe",
            "pclmulqdq",
            "pku",
            "popcnt",
            "rdseed",
            "sse",
            "sse2",
            "sse4_1",
            "sse4_2",
            "sse4a",
            "ssse3",
            "vaes",
            "vpclmulqdq",
            "xsavec",
            "xsaveopt"
          ],
          "generation": 0,
          "parents": [
            "zen2"
          ]
        }
      },
      "compiler": {
        "name": "nvhpc",
        "version": "22.7"
      },
      "namespace": "builtin",
      "parameters": {
        "fort-double-size": "8",
        "fort-real-size": "4",
        "patches": [
          "85f19e3d962e4b2f99137e8cd0bcad412fe6185c771434ab3f04b5cdcca24a27"
        ],
        "cflags": [],
        "cppflags": [
          "-fPIC"
        ],
        "cxxflags": [],
        "fflags": [],
        "ldflags": [],
        "ldlibs": []
      },
      "patches": [
        "85f19e3d962e4b2f99137e8cd0bcad412fe6185c771434ab3f04b5cdcca24a27"
      ],
      "package_hash": "ofyrazdvmuhpv7xkdfmpdcxlmvqsf3m3esovtrlxt3o64mewsesa====",
      "hash": "tlcbtvgczv2stfszkq4fhpys7b2d7cpk"
    }
  }
}