{
  "_meta": {
    "file-type": "spack-lockfile",
    "lockfile-version": 4,
    "specfile-version": 3
  },
  "roots": [
    {
      "hash": "khefrah6fabfmkarilg562pjiekjmhk5",
      "spec": "esmf@8.4.0%intel@2021.6.0+external-lapack+parallelio~xerces ^cray-libsci ^cray-mpich@8.1.21 ^libxml2@2.9.13%gcc@7.5.0 ^netcdf-c+dap+mpi ^parallel-netcdf@1.12.3 ^parallelio+pnetcdf"
    },
    {
      "hash": "fzxau7s3x26pq7qntedmxlowprmtgfzt",
      "spec": "esmf@8.4.0%intel@2021.6.0+debug+external-lapack+parallelio~xerces ^cray-libsci ^cray-mpich@8.1.21 ^libxml2@2.9.13%gcc@7.5.0 ^netcdf-c+dap+mpi ^parallel-netcdf@1.12.3 ^parallelio+logging+pnetcdf build_type=Debug"
    },
    {
      "hash": "2fjnupil27mbtd4mdrcug4fkedtirxhe",
      "spec": "esmf@8.3.1%intel@2021.6.0+external-lapack+parallelio~xerces ^cray-libsci ^cray-mpich@8.1.21 ^libxml2@2.9.13%gcc@7.5.0 ^netcdf-c+dap+mpi ^parallel-netcdf@1.12.3 ^parallelio+pnetcdf"
    },
    {
      "hash": "mfhk2aduj6qddpxtuval57bmwgxk4ea6",
      "spec": "esmf@8.3.1%intel@2021.6.0+debug+external-lapack+parallelio~xerces ^cray-libsci ^cray-mpich@8.1.21 ^libxml2@2.9.13%gcc@7.5.0 ^netcdf-c+dap+mpi ^parallel-netcdf@1.12.3 ^parallelio+logging+pnetcdf build_type=Debug"
    }
  ],
  "concrete_specs": {
    "khefrah6fabfmkarilg562pjiekjmhk5": {
      "name": "esmf",
      "version": "8.4.0",
      "arch": {
        "platform": "cray",
        "platform_os": "sles15",
        "target": {
          "name": "zen3",
          "vendor": "AuthenticAMD",
          "features": [
            "abm",
            "aes",
            "avx",
            "avx2",
            "bmi1",
            "bmi2",
            "clflushopt",
            "clwb",
            "clzero",
            "cx16",
            "f16c",
            "fma",
            "fsgsbase",
            "mmx",
            "movbe",
            "pclmulqdq",
            "pku",
            "popcnt",
            "rdseed",
            "sse",
            "sse2",
            "sse4_1",
            "sse4_2",
            "sse4a",
            "ssse3",
            "vaes",
            "vpclmulqdq",
            "xsavec",
            "xsaveopt"
          ],
          "generation": 0,
          "parents": [
            "zen2"
          ]
        }
      },
      "compiler": {
        "name": "intel",
        "version": "2021.6.0"
      },
      "namespace": "builtin",
      "parameters": {
        "debug": false,
        "external-lapack": true,
        "mpi": true,
        "netcdf": true,
        "parallelio": true,
        "pnetcdf": true,
        "xerces": false,
        "cflags": [],
        "cppflags": [],
        "cxxflags": [],
        "fflags": [],
        "ldflags": [],
        "ldlibs": []
      },
      "package_hash": "b7vgdshjpu5ezrponrgs2rxt4bozpjsmot7xaocrx5gevg4xndhq====",
      "dependencies": [
        {
          "name": "cray-libsci",
          "hash": "riqlztrnp4a2bm2ozlprjdokpfdld6vf",
          "type": [
            "build",
            "link"
          ]
        },
        {
          "name": "cray-mpich",
          "hash": "hmh6ihyjowar6o5ayfqpkas2f4iarsfg",
          "type": [
            "build",
            "link"
          ]
        },
        {
          "name": "libxml2",
          "hash": "wviljps5y7psx5qlrbyxwklga3oazlfa",
          "type": [
            "build",
            "link"
          ]
        },
        {
          "name": "netcdf-c",
          "hash": "57cbtlyhxvockxb27ql7z2hj45dzvn7n",
          "type": [
            "build",
            "link"
          ]
        },
        {
          "name": "netcdf-fortran",
          "hash": "szk4ptgkdagrqmlfbw7ed4mbx7dmie26",
          "type": [
            "build",
            "link"
          ]
        },
        {
          "name": "parallel-netcdf",
          "hash": "qtxlagbsvrbihpgahgqal4qttvpzzsmw",
          "type": [
            "build",
            "link"
          ]
        },
        {
          "name": "parallelio",
          "hash": "f3uiluxcwa6t52ofia5b577nnzqpgm3f",
          "type": [
            "build",
            "link"
          ]
        },
        {
          "name": "zlib",
          "hash": "r3zo4jpf77y5n3zbquksbaqlpp77hd6y",
          "type": [
            "build",
            "link"
          ]
        }
      ],
      "hash": "khefrah6fabfmkarilg562pjiekjmhk5"
    },
    "riqlztrnp4a2bm2ozlprjdokpfdld6vf": {
      "name": "cray-libsci",
      "version": "22.08.1.1",
      "arch": {
        "platform": "cray",
        "platform_os": "sles15",
        "target": {
          "name": "zen3",
          "vendor": "AuthenticAMD",
          "features": [
            "abm",
            "aes",
            "avx",
            "avx2",
            "bmi1",
            "bmi2",
            "clflushopt",
            "clwb",
            "clzero",
            "cx16",
            "f16c",
            "fma",
            "fsgsbase",
            "mmx",
            "movbe",
            "pclmulqdq",
            "pku",
            "popcnt",
            "rdseed",
            "sse",
            "sse2",
            "sse4_1",
            "sse4_2",
            "sse4a",
            "ssse3",
            "vaes",
            "vpclmulqdq",
            "xsavec",
            "xsaveopt"
          ],
          "generation": 0,
          "parents": [
            "zen2"
          ]
        }
      },
      "compiler": {
        "name": "intel",
        "version": "2021.6.0"
      },
      "namespace": "builtin",
      "parameters": {
        "mpi": false,
        "openmp": false,
        "shared": true,
        "cflags": [],
        "cppflags": [],
        "cxxflags": [],
        "fflags": [],
        "ldflags": [],
        "ldlibs": []
      },
      "external": {
        "path": "/opt/cray/pe/libsci/22.08.1.1/intel/19.0/x86_64",
        "module": [
          "cray-libsci/22.08.1.1"
        ],
        "extra_attributes": {}
      },
      "package_hash": "dcjmtw2spcdlu336jo2mfdifjhesy56vb5wkezlm4uriyxb3jq2a====",
      "hash": "riqlztrnp4a2bm2ozlprjdokpfdld6vf"
    },
    "hmh6ihyjowar6o5ayfqpkas2f4iarsfg": {
      "name": "cray-mpich",
      "version": "8.1.21",
      "arch": {
        "platform": "cray",
        "platform_os": "sles15",
        "target": {
          "name": "zen3",
          "vendor": "AuthenticAMD",
          "features": [
            "abm",
            "aes",
            "avx",
            "avx2",
            "bmi1",
            "bmi2",
            "clflushopt",
            "clwb",
            "clzero",
            "cx16",
            "f16c",
            "fma",
            "fsgsbase",
            "mmx",
            "movbe",
            "pclmulqdq",
            "pku",
            "popcnt",
            "rdseed",
            "sse",
            "sse2",
            "sse4_1",
            "sse4_2",
            "sse4a",
            "ssse3",
            "vaes",
            "vpclmulqdq",
            "xsavec",
            "xsaveopt"
          ],
          "generation": 0,
          "parents": [
            "zen2"
          ]
        }
      },
      "compiler": {
        "name": "intel",
        "version": "2021.6.0"
      },
      "namespace": "builtin",
      "parameters": {
        "wrappers": true,
        "cflags": [],
        "cppflags": [],
        "cxxflags": [],
        "fflags": [],
        "ldflags": [],
        "ldlibs": []
      },
      "external": {
        "path": "/opt/cray/pe/mpich/8.1.21/ofi/intel/19.0",
        "module": [
          "cray-mpich/8.1.21",
          "craype-network-ofi",
          "libfabric/1.15.0.0"
        ],
        "extra_attributes": {}
      },
      "package_hash": "rodj3475q2dbljuz5g5qa6btl36vw2ek6ubhip4i2oylayabwhdq====",
      "hash": "hmh6ihyjowar6o5ayfqpkas2f4iarsfg"
    },
    "wviljps5y7psx5qlrbyxwklga3oazlfa": {
      "name": "libxml2",
      "version": "2.9.13",
      "arch": {
        "platform": "cray",
        "platform_os": "sles15",
        "target": {
          "name": "zen",
          "vendor": "AuthenticAMD",
          "features": [
            "abm",
            "aes",
            "avx",
            "avx2",
            "bmi1",
            "bmi2",
            "clflushopt",
            "clzero",
            "cx16",
            "f16c",
            "fma",
            "fsgsbase",
            "mmx",
            "movbe",
            "pclmulqdq",
            "popcnt",
            "rdseed",
            "sse",
            "sse2",
            "sse4_1",
            "sse4_2",
            "sse4a",
            "ssse3",
            "xsavec",
            "xsaveopt"
          ],
          "generation": 0,
          "parents": [
            "x86_64_v3"
          ]
        }
      },
      "compiler": {
        "name": "gcc",
        "version": "7.5.0"
      },
      "namespace": "builtin",
      "parameters": {
        "patches": [
          "3e06d42596b105839648070a5921157fe284b932289ffdbfa304ddc3457e5637"
        ],
        "python": false,
        "cflags": [],
        "cppflags": [],
        "cxxflags": [],
        "fflags": [],
        "ldflags": [],
        "ldlibs": []
      },
      "external": {
        "path": "/glade/u/apps/common/22.08/spack/opt/spack/libxml2/2.9.13/gcc/7.5.0",
        "module": null,
        "extra_attributes": {}
      },
      "patches": [
        "3e06d42596b105839648070a5921157fe284b932289ffdbfa304ddc3457e5637"
      ],
      "package_hash": "k4icvpf5amb2wkhmblzyd372lmrlfi5hok4qe3pzunywb3esjujq====",
      "hash": "wviljps5y7psx5qlrbyxwklga3oazlfa"
    },
    "57cbtlyhxvockxb27ql7z2hj45dzvn7n": {
      "name": "netcdf-c",
      "version": "4.9.0",
      "arch": {
        "platform": "cray",
        "platform_os": "sles15",
        "target": {
          "name": "zen",
          "vendor": "AuthenticAMD",
          "features": [
            "abm",
            "aes",
            "avx",
            "avx2",
            "bmi1",
            "bmi2",
            "clflushopt",
            "clzero",
            "cx16",
            "f16c",
            "fma",
            "fsgsbase",
            "mmx",
            "movbe",
            "pclmulqdq",
            "popcnt",
            "rdseed",
            "sse",
            "sse2",
            "sse4_1",
            "sse4_2",
            "sse4a",
            "ssse3",
            "xsavec",
            "xsaveopt"
          ],
          "generation": 0,
          "parents": [
            "x86_64_v3"
          ]
        }
      },
      "compiler": {
        "name": "intel",
        "version": "2021.6.0"
      },
      "namespace": "builtin",
      "parameters": {
        "build_system": "autotools",
        "dap": true,
        "fsync": false,
        "hdf4": false,
        "jna": false,
        "mpi": true,
        "parallel-netcdf": false,
        "pic": true,
        "shared": true,
        "zstd": true,
        "cflags": [],
        "cppflags": [],
        "cxxflags": [],
        "fflags": [],
        "ldflags": [],
        "ldlibs": []
      },
      "external": {
        "path": "/glade/u/apps/gust/22.10/spack/opt/spack/netcdf/4.9.0/openmpi/4.1.4/cce/14.0.3",
        "module": [
          "netcdf-mpi/4.9.0"
        ],
        "extra_attributes": {}
      },
      "package_hash": "llzqbmjsrm56xhjkinxu72s3uqr5yvigrteqiunao7bvoeblfcka====",
      "hash": "57cbtlyhxvockxb27ql7z2hj45dzvn7n"
    },
    "szk4ptgkdagrqmlfbw7ed4mbx7dmie26": {
      "name": "netcdf-fortran",
      "version": "4.5.4",
      "arch": {
        "platform": "cray",
        "platform_os": "sles15",
        "target": {
          "name": "zen3",
          "vendor": "AuthenticAMD",
          "features": [
            "abm",
            "aes",
            "avx",
            "avx2",
            "bmi1",
            "bmi2",
            "clflushopt",
            "clwb",
            "clzero",
            "cx16",
            "f16c",
            "fma",
            "fsgsbase",
            "mmx",
            "movbe",
            "pclmulqdq",
            "pku",
            "popcnt",
            "rdseed",
            "sse",
            "sse2",
            "sse4_1",
            "sse4_2",
            "sse4a",
            "ssse3",
            "vaes",
            "vpclmulqdq",
            "xsavec",
            "xsaveopt"
          ],
          "generation": 0,
          "parents": [
            "zen2"
          ]
        }
      },
      "compiler": {
        "name": "intel",
        "version": "2021.6.0"
      },
      "namespace": "builtin",
      "parameters": {
        "doc": false,
        "pic": true,
        "shared": true,
        "cflags": [],
        "cppflags": [],
        "cxxflags": [],
        "fflags": [],
        "ldflags": [],
        "ldlibs": []
      },
      "package_hash": "aowephszfuaxaqtpvah3rgdj6u6bjyhcsqo6p44shvxgzljwalja====",
      "dependencies": [
        {
          "name": "netcdf-c",
          "hash": "57cbtlyhxvockxb27ql7z2hj45dzvn7n",
          "type": [
            "build",
            "link"
          ]
        }
      ],
      "hash": "szk4ptgkdagrqmlfbw7ed4mbx7dmie26"
    },
    "qtxlagbsvrbihpgahgqal4qttvpzzsmw": {
      "name": "parallel-netcdf",
      "version": "1.12.3",
      "arch": {
        "platform": "cray",
        "platform_os": "sles15",
        "target": {
          "name": "zen3",
          "vendor": "AuthenticAMD",
          "features": [
            "abm",
            "aes",
            "avx",
            "avx2",
            "bmi1",
            "bmi2",
            "clflushopt",
            "clwb",
            "clzero",
            "cx16",
            "f16c",
            "fma",
            "fsgsbase",
            "mmx",
            "movbe",
            "pclmulqdq",
            "pku",
            "popcnt",
            "rdseed",
            "sse",
            "sse2",
            "sse4_1",
            "sse4_2",
            "sse4a",
            "ssse3",
            "vaes",
            "vpclmulqdq",
            "xsavec",
            "xsaveopt"
          ],
          "generation": 0,
          "parents": [
            "zen2"
          ]
        }
      },
      "compiler": {
        "name": "intel",
        "version": "2021.6.0"
      },
      "namespace": "builtin",
      "parameters": {
        "burstbuffer": false,
        "cxx": true,
        "fortran": true,
        "pic": true,
        "shared": true,
        "cflags": [],
        "cppflags": [],
        "cxxflags": [],
        "fflags": [],
        "ldflags": [],
        "ldlibs": []
      },
      "package_hash": "ltpxljg5rudhnfnf3sugtoc5pine3zwurvca7achkqianvfdxadq====",
      "dependencies": [
        {
          "name": "cray-mpich",
          "hash": "hmh6ihyjowar6o5ayfqpkas2f4iarsfg",
          "type": [
            "build",
            "link"
          ]
        },
        {
          "name": "m4",
          "hash": "7lfgpix5frf5el4syol4kuxogltjrewo",
          "type": [
            "build"
          ]
        },
        {
          "name": "perl",
          "hash": "2z47hps7vru566xbu7nnhgedpxtc2r6a",
          "type": [
            "build"
          ]
        }
      ],
      "hash": "qtxlagbsvrbihpgahgqal4qttvpzzsmw"
    },
    "7lfgpix5frf5el4syol4kuxogltjrewo": {
      "name": "m4",
      "version": "1.4.18",
      "arch": {
        "platform": "cray",
        "platform_os": "sles15",
        "target": {
          "name": "zen3",
          "vendor": "AuthenticAMD",
          "features": [
            "abm",
            "aes",
            "avx",
            "avx2",
            "bmi1",
            "bmi2",
            "clflushopt",
            "clwb",
            "clzero",
            "cx16",
            "f16c",
            "fma",
            "fsgsbase",
            "mmx",
            "movbe",
            "pclmulqdq",
            "pku",
            "popcnt",
            "rdseed",
            "sse",
            "sse2",
            "sse4_1",
            "sse4_2",
            "sse4a",
            "ssse3",
            "vaes",
            "vpclmulqdq",
            "xsavec",
            "xsaveopt"
          ],
          "generation": 0,
          "parents": [
            "zen2"
          ]
        }
      },
      "compiler": {
        "name": "intel",
        "version": "2021.6.0"
      },
      "namespace": "builtin",
      "parameters": {
        "patches": [
          "3877ab548f88597ab2327a2230ee048d2d07ace1062efe81fc92e91b7f39cd00",
          "fc9b61654a3ba1a8d6cd78ce087e7c96366c290bc8d2c299f09828d793b853c8"
        ],
        "sigsegv": true,
        "cflags": [],
        "cppflags": [],
        "cxxflags": [],
        "fflags": [],
        "ldflags": [],
        "ldlibs": []
      },
      "external": {
        "path": "/usr",
        "module": null,
        "extra_attributes": {}
      },
      "patches": [
        "3877ab548f88597ab2327a2230ee048d2d07ace1062efe81fc92e91b7f39cd00",
        "fc9b61654a3ba1a8d6cd78ce087e7c96366c290bc8d2c299f09828d793b853c8"
      ],
      "package_hash": "vxwx3k2qdjrdtwd3nggzkk6yrnvvp6xlix7dix4gbwyuhyicxjiq====",
      "hash": "7lfgpix5frf5el4syol4kuxogltjrewo"
    },
    "2z47hps7vru566xbu7nnhgedpxtc2r6a": {
      "name": "perl",
      "version": "5.34.1",
      "arch": {
        "platform": "cray",
        "platform_os": "sles15",
        "target": {
          "name": "zen",
          "vendor": "AuthenticAMD",
          "features": [
            "abm",
            "aes",
            "avx",
            "avx2",
            "bmi1",
            "bmi2",
            "clflushopt",
            "clzero",
            "cx16",
            "f16c",
            "fma",
            "fsgsbase",
            "mmx",
            "movbe",
            "pclmulqdq",
            "popcnt",
            "rdseed",
            "sse",
            "sse2",
            "sse4_1",
            "sse4_2",
            "sse4a",
            "ssse3",
            "xsavec",
            "xsaveopt"
          ],
          "generation": 0,
          "parents": [
            "x86_64_v3"
          ]
        }
      },
      "compiler": {
        "name": "intel",
        "version": "2021.6.0"
      },
      "namespace": "builtin",
      "parameters": {
        "cpanm": true,
        "shared": true,
        "threads": true,
        "cflags": [],
        "cppflags": [],
        "cxxflags": [],
        "fflags": [],
        "ldflags": [],
        "ldlibs": []
      },
      "external": {
        "path": "/glade/u/apps/common/22.08/spack/opt/spack/perl/5.34.1/gcc/7.5.0",
        "module": null,
        "extra_attributes": {}
      },
      "package_hash": "253cxsmtz66kdovxua7a5pbu3qqkp556xttq5qrgr7rahup6fbea====",
      "hash": "2z47hps7vru566xbu7nnhgedpxtc2r6a"
    },
    "f3uiluxcwa6t52ofia5b577nnzqpgm3f": {
      "name": "parallelio",
      "version": "2.5.9",
      "arch": {
        "platform": "cray",
        "platform_os": "sles15",
        "target": {
          "name": "zen3",
          "vendor": "AuthenticAMD",
          "features": [
            "abm",
            "aes",
            "avx",
            "avx2",
            "bmi1",
            "bmi2",
            "clflushopt",
            "clwb",
            "clzero",
            "cx16",
            "f16c",
            "fma",
            "fsgsbase",
            "mmx",
            "movbe",
            "pclmulqdq",
            "pku",
            "popcnt",
            "rdseed",
            "sse",
            "sse2",
            "sse4_1",
            "sse4_2",
            "sse4a",
            "ssse3",
            "vaes",
            "vpclmulqdq",
            "xsavec",
            "xsaveopt"
          ],
          "generation": 0,
          "parents": [
            "zen2"
          ]
        }
      },
      "compiler": {
        "name": "intel",
        "version": "2021.6.0"
      },
      "namespace": "builtin",
      "parameters": {
        "build_type": "RelWithDebInfo",
        "fortran": true,
        "ipo": false,
        "logging": false,
        "mpi": true,
        "pnetcdf": true,
        "timing": false,
        "cflags": [],
        "cppflags": [],
        "cxxflags": [],
        "fflags": [],
        "ldflags": [],
        "ldlibs": []
      },
      "package_hash": "fc2vf3as3ulqauviw7o3y5yohza6nd775iiz4otycdrg2xxpzeiq====",
      "dependencies": [
        {
          "name": "cmake",
          "hash": "yv3znig5lav4v7ulvmy4cqoxpdcjgjdk",
          "type": [
            "build"
          ]
        },
        {
          "name": "cray-mpich",
          "hash": "hmh6ihyjowar6o5ayfqpkas2f4iarsfg",
          "type": [
            "build",
            "link"
          ]
        },
        {
          "name": "netcdf-c",
          "hash": "57cbtlyhxvockxb27ql7z2hj45dzvn7n",
          "type": [
            "link"
          ]
        },
        {
          "name": "netcdf-fortran",
          "hash": "szk4ptgkdagrqmlfbw7ed4mbx7dmie26",
          "type": [
            "link"
          ]
        },
        {
          "name": "parallel-netcdf",
          "hash": "qtxlagbsvrbihpgahgqal4qttvpzzsmw",
          "type": [
            "link"
          ]
        }
      ],
      "hash": "f3uiluxcwa6t52ofia5b577nnzqpgm3f"
    },
    "yv3znig5lav4v7ulvmy4cqoxpdcjgjdk": {
      "name": "cmake",
      "version": "3.23.2",
      "arch": {
        "platform": "cray",
        "platform_os": "sles15",
        "target": {
          "name": "zen3",
          "vendor": "AuthenticAMD",
          "features": [
            "abm",
            "aes",
            "avx",
            "avx2",
            "bmi1",
            "bmi2",
            "clflushopt",
            "clwb",
            "clzero",
            "cx16",
            "f16c",
            "fma",
            "fsgsbase",
            "mmx",
            "movbe",
            "pclmulqdq",
            "pku",
            "popcnt",
            "rdseed",
            "sse",
            "sse2",
            "sse4_1",
            "sse4_2",
            "sse4a",
            "ssse3",
            "vaes",
            "vpclmulqdq",
            "xsavec",
            "xsaveopt"
          ],
          "generation": 0,
          "parents": [
            "zen2"
          ]
        }
      },
      "compiler": {
        "name": "intel",
        "version": "2021.6.0"
      },
      "namespace": "builtin",
      "parameters": {
        "build_type": "Release",
        "doc": false,
        "ncurses": true,
        "ownlibs": true,
        "qt": false,
        "cflags": [],
        "cppflags": [],
        "cxxflags": [],
        "fflags": [],
        "ldflags": [],
        "ldlibs": []
      },
      "external": {
        "path": "/glade/u/apps/common/22.08/spack/opt/spack/cmake/3.23.2/gcc/7.5.0",
        "module": null,
        "extra_attributes": {}
      },
      "package_hash": "3ky53hrr7bxrwp6ltjygpfolyquwjn6akjdkbuy4x3wwuw5eacba====",
      "hash": "yv3znig5lav4v7ulvmy4cqoxpdcjgjdk"
    },
    "r3zo4jpf77y5n3zbquksbaqlpp77hd6y": {
      "name": "zlib",
      "version": "1.2.12",
      "arch": {
        "platform": "cray",
        "platform_os": "sles15",
        "target": {
          "name": "zen3",
          "vendor": "AuthenticAMD",
          "features": [
            "abm",
            "aes",
            "avx",
            "avx2",
            "bmi1",
            "bmi2",
            "clflushopt",
            "clwb",
            "clzero",
            "cx16",
            "f16c",
            "fma",
            "fsgsbase",
            "mmx",
            "movbe",
            "pclmulqdq",
            "pku",
            "popcnt",
            "rdseed",
            "sse",
            "sse2",
            "sse4_1",
            "sse4_2",
            "sse4a",
            "ssse3",
            "vaes",
            "vpclmulqdq",
            "xsavec",
            "xsaveopt"
          ],
          "generation": 0,
          "parents": [
            "zen2"
          ]
        }
      },
      "compiler": {
        "name": "intel",
        "version": "2021.6.0"
      },
      "namespace": "builtin",
      "parameters": {
        "optimize": true,
        "patches": [
          "0d38234384870bfd34dfcb738a9083952656f0c766a0f5990b1893076b084b76"
        ],
        "pic": true,
        "shared": true,
        "cflags": [],
        "cppflags": [],
        "cxxflags": [],
        "fflags": [],
        "ldflags": [],
        "ldlibs": []
      },
      "external": {
        "path": "/glade/u/apps/common/22.08/spack/opt/spack/zlib/1.2.12/gcc/7.5.0",
        "module": null,
        "extra_attributes": {}
      },
      "patches": [
        "0d38234384870bfd34dfcb738a9083952656f0c766a0f5990b1893076b084b76"
      ],
      "package_hash": "pthf7iophdyonixxeed7gyqiksopxeklzzjbxtjrw7nzlkcqleba====",
      "hash": "r3zo4jpf77y5n3zbquksbaqlpp77hd6y"
    },
    "fzxau7s3x26pq7qntedmxlowprmtgfzt": {
      "name": "esmf",
      "version": "8.4.0",
      "arch": {
        "platform": "cray",
        "platform_os": "sles15",
        "target": {
          "name": "zen3",
          "vendor": "AuthenticAMD",
          "features": [
            "abm",
            "aes",
            "avx",
            "avx2",
            "bmi1",
            "bmi2",
            "clflushopt",
            "clwb",
            "clzero",
            "cx16",
            "f16c",
            "fma",
            "fsgsbase",
            "mmx",
            "movbe",
            "pclmulqdq",
            "pku",
            "popcnt",
            "rdseed",
            "sse",
            "sse2",
            "sse4_1",
            "sse4_2",
            "sse4a",
            "ssse3",
            "vaes",
            "vpclmulqdq",
            "xsavec",
            "xsaveopt"
          ],
          "generation": 0,
          "parents": [
            "zen2"
          ]
        }
      },
      "compiler": {
        "name": "intel",
        "version": "2021.6.0"
      },
      "namespace": "builtin",
      "parameters": {
        "debug": true,
        "external-lapack": true,
        "mpi": true,
        "netcdf": true,
        "parallelio": true,
        "pnetcdf": true,
        "xerces": false,
        "cflags": [],
        "cppflags": [],
        "cxxflags": [],
        "fflags": [],
        "ldflags": [],
        "ldlibs": []
      },
      "package_hash": "b7vgdshjpu5ezrponrgs2rxt4bozpjsmot7xaocrx5gevg4xndhq====",
      "dependencies": [
        {
          "name": "cray-libsci",
          "hash": "riqlztrnp4a2bm2ozlprjdokpfdld6vf",
          "type": [
            "build",
            "link"
          ]
        },
        {
          "name": "cray-mpich",
          "hash": "hmh6ihyjowar6o5ayfqpkas2f4iarsfg",
          "type": [
            "build",
            "link"
          ]
        },
        {
          "name": "libxml2",
          "hash": "wviljps5y7psx5qlrbyxwklga3oazlfa",
          "type": [
            "build",
            "link"
          ]
        },
        {
          "name": "netcdf-c",
          "hash": "57cbtlyhxvockxb27ql7z2hj45dzvn7n",
          "type": [
            "build",
            "link"
          ]
        },
        {
          "name": "netcdf-fortran",
          "hash": "szk4ptgkdagrqmlfbw7ed4mbx7dmie26",
          "type": [
            "build",
            "link"
          ]
        },
        {
          "name": "parallel-netcdf",
          "hash": "qtxlagbsvrbihpgahgqal4qttvpzzsmw",
          "type": [
            "build",
            "link"
          ]
        },
        {
          "name": "parallelio",
          "hash": "bg5r3ee32i6l3cpm5gxbmtaqz2wrh5by",
          "type": [
            "build",
            "link"
          ]
        },
        {
          "name": "zlib",
          "hash": "r3zo4jpf77y5n3zbquksbaqlpp77hd6y",
          "type": [
            "build",
            "link"
          ]
        }
      ],
      "hash": "fzxau7s3x26pq7qntedmxlowprmtgfzt"
    },
    "bg5r3ee32i6l3cpm5gxbmtaqz2wrh5by": {
      "name": "parallelio",
      "version": "2.5.9",
      "arch": {
        "platform": "cray",
        "platform_os": "sles15",
        "target": {
          "name": "zen3",
          "vendor": "AuthenticAMD",
          "features": [
            "abm",
            "aes",
            "avx",
            "avx2",
            "bmi1",
            "bmi2",
            "clflushopt",
            "clwb",
            "clzero",
            "cx16",
            "f16c",
            "fma",
            "fsgsbase",
            "mmx",
            "movbe",
            "pclmulqdq",
            "pku",
            "popcnt",
            "rdseed",
            "sse",
            "sse2",
            "sse4_1",
            "sse4_2",
            "sse4a",
            "ssse3",
            "vaes",
            "vpclmulqdq",
            "xsavec",
            "xsaveopt"
          ],
          "generation": 0,
          "parents": [
            "zen2"
          ]
        }
      },
      "compiler": {
        "name": "intel",
        "version": "2021.6.0"
      },
      "namespace": "builtin",
      "parameters": {
        "build_type": "Debug",
        "fortran": true,
        "ipo": false,
        "logging": true,
        "mpi": true,
        "pnetcdf": true,
        "timing": false,
        "cflags": [],
        "cppflags": [],
        "cxxflags": [],
        "fflags": [],
        "ldflags": [],
        "ldlibs": []
      },
      "package_hash": "fc2vf3as3ulqauviw7o3y5yohza6nd775iiz4otycdrg2xxpzeiq====",
      "dependencies": [
        {
          "name": "cmake",
          "hash": "yv3znig5lav4v7ulvmy4cqoxpdcjgjdk",
          "type": [
            "build"
          ]
        },
        {
          "name": "cray-mpich",
          "hash": "hmh6ihyjowar6o5ayfqpkas2f4iarsfg",
          "type": [
            "build",
            "link"
          ]
        },
        {
          "name": "netcdf-c",
          "hash": "57cbtlyhxvockxb27ql7z2hj45dzvn7n",
          "type": [
            "link"
          ]
        },
        {
          "name": "netcdf-fortran",
          "hash": "szk4ptgkdagrqmlfbw7ed4mbx7dmie26",
          "type": [
            "link"
          ]
        },
        {
          "name": "parallel-netcdf",
          "hash": "qtxlagbsvrbihpgahgqal4qttvpzzsmw",
          "type": [
            "link"
          ]
        }
      ],
      "hash": "bg5r3ee32i6l3cpm5gxbmtaqz2wrh5by"
    },
    "2fjnupil27mbtd4mdrcug4fkedtirxhe": {
      "name": "esmf",
      "version": "8.3.1",
      "arch": {
        "platform": "cray",
        "platform_os": "sles15",
        "target": {
          "name": "zen3",
          "vendor": "AuthenticAMD",
          "features": [
            "abm",
            "aes",
            "avx",
            "avx2",
            "bmi1",
            "bmi2",
            "clflushopt",
            "clwb",
            "clzero",
            "cx16",
            "f16c",
            "fma",
            "fsgsbase",
            "mmx",
            "movbe",
            "pclmulqdq",
            "pku",
            "popcnt",
            "rdseed",
            "sse",
            "sse2",
            "sse4_1",
            "sse4_2",
            "sse4a",
            "ssse3",
            "vaes",
            "vpclmulqdq",
            "xsavec",
            "xsaveopt"
          ],
          "generation": 0,
          "parents": [
            "zen2"
          ]
        }
      },
      "compiler": {
        "name": "intel",
        "version": "2021.6.0"
      },
      "namespace": "builtin",
      "parameters": {
        "debug": false,
        "external-lapack": true,
        "mpi": true,
        "netcdf": true,
        "parallelio": true,
        "pnetcdf": true,
        "xerces": false,
        "cflags": [],
        "cppflags": [],
        "cxxflags": [],
        "fflags": [],
        "ldflags": [],
        "ldlibs": []
      },
      "package_hash": "jlmwej5v2gfewx5ctaemblflpaqpwofadzfaoue3iesopmolzvva====",
      "dependencies": [
        {
          "name": "cray-libsci",
          "hash": "riqlztrnp4a2bm2ozlprjdokpfdld6vf",
          "type": [
            "build",
            "link"
          ]
        },
        {
          "name": "cray-mpich",
          "hash": "hmh6ihyjowar6o5ayfqpkas2f4iarsfg",
          "type": [
            "build",
            "link"
          ]
        },
        {
          "name": "libxml2",
          "hash": "wviljps5y7psx5qlrbyxwklga3oazlfa",
          "type": [
            "build",
            "link"
          ]
        },
        {
          "name": "netcdf-c",
          "hash": "57cbtlyhxvockxb27ql7z2hj45dzvn7n",
          "type": [
            "build",
            "link"
          ]
        },
        {
          "name": "netcdf-fortran",
          "hash": "szk4ptgkdagrqmlfbw7ed4mbx7dmie26",
          "type": [
            "build",
            "link"
          ]
        },
        {
          "name": "parallel-netcdf",
          "hash": "qtxlagbsvrbihpgahgqal4qttvpzzsmw",
          "type": [
            "build",
            "link"
          ]
        },
        {
          "name": "parallelio",
          "hash": "f3uiluxcwa6t52ofia5b577nnzqpgm3f",
          "type": [
            "build",
            "link"
          ]
        },
        {
          "name": "zlib",
          "hash": "r3zo4jpf77y5n3zbquksbaqlpp77hd6y",
          "type": [
            "build",
            "link"
          ]
        }
      ],
      "hash": "2fjnupil27mbtd4mdrcug4fkedtirxhe"
    },
    "mfhk2aduj6qddpxtuval57bmwgxk4ea6": {
      "name": "esmf",
      "version": "8.3.1",
      "arch": {
        "platform": "cray",
        "platform_os": "sles15",
        "target": {
          "name": "zen3",
          "vendor": "AuthenticAMD",
          "features": [
            "abm",
            "aes",
            "avx",
            "avx2",
            "bmi1",
            "bmi2",
            "clflushopt",
            "clwb",
            "clzero",
            "cx16",
            "f16c",
            "fma",
            "fsgsbase",
            "mmx",
            "movbe",
            "pclmulqdq",
            "pku",
            "popcnt",
            "rdseed",
            "sse",
            "sse2",
            "sse4_1",
            "sse4_2",
            "sse4a",
            "ssse3",
            "vaes",
            "vpclmulqdq",
            "xsavec",
            "xsaveopt"
          ],
          "generation": 0,
          "parents": [
            "zen2"
          ]
        }
      },
      "compiler": {
        "name": "intel",
        "version": "2021.6.0"
      },
      "namespace": "builtin",
      "parameters": {
        "debug": true,
        "external-lapack": true,
        "mpi": true,
        "netcdf": true,
        "parallelio": true,
        "pnetcdf": true,
        "xerces": false,
        "cflags": [],
        "cppflags": [],
        "cxxflags": [],
        "fflags": [],
        "ldflags": [],
        "ldlibs": []
      },
      "package_hash": "jlmwej5v2gfewx5ctaemblflpaqpwofadzfaoue3iesopmolzvva====",
      "dependencies": [
        {
          "name": "cray-libsci",
          "hash": "riqlztrnp4a2bm2ozlprjdokpfdld6vf",
          "type": [
            "build",
            "link"
          ]
        },
        {
          "name": "cray-mpich",
          "hash": "hmh6ihyjowar6o5ayfqpkas2f4iarsfg",
          "type": [
            "build",
            "link"
          ]
        },
        {
          "name": "libxml2",
          "hash": "wviljps5y7psx5qlrbyxwklga3oazlfa",
          "type": [
            "build",
            "link"
          ]
        },
        {
          "name": "netcdf-c",
          "hash": "57cbtlyhxvockxb27ql7z2hj45dzvn7n",
          "type": [
            "build",
            "link"
          ]
        },
        {
          "name": "netcdf-fortran",
          "hash": "szk4ptgkdagrqmlfbw7ed4mbx7dmie26",
          "type": [
            "build",
            "link"
          ]
        },
        {
          "name": "parallel-netcdf",
          "hash": "qtxlagbsvrbihpgahgqal4qttvpzzsmw",
          "type": [
            "build",
            "link"
          ]
        },
        {
          "name": "parallelio",
          "hash": "bg5r3ee32i6l3cpm5gxbmtaqz2wrh5by",
          "type": [
            "build",
            "link"
          ]
        },
        {
          "name": "zlib",
          "hash": "r3zo4jpf77y5n3zbquksbaqlpp77hd6y",
          "type": [
            "build",
            "link"
          ]
        }
      ],
      "hash": "mfhk2aduj6qddpxtuval57bmwgxk4ea6"
    }
  }
}